{
  "renv": {
    "Version": "0.7.0-21"
  },
  "R": {
    "Version": "4.2.0",
    "Repositories": [
      {
        "Name": "CRAN",
        "URL": "https://cran.rstudio.com"
      }
    ]
  },
  "Packages": {
    "BBmisc": {
      "Package": "BBmisc",
      "Version": "1.11",
      "Source": "CRAN",
      "Hash": "1f3ad636dc0c229180764e0bfd325666"
    },
    "DBI": {
      "Package": "DBI",
      "Version": "1.1.1",
      "Source": "CRAN",
      "RemoteType": "standard",
      "RemotePkgRef": "DBI",
      "RemoteRef": "DBI",
      "RemoteRepos": "https://packagemanager.rstudio.com/all/latest",
      "RemotePkgPlatform": "windows",
      "RemoteSha": "1.1.1",
      "Hash": "48a1c7121d56aed9926521d244e7b9d2"
    },
    "DT": {
      "Package": "DT",
      "Version": "0.19",
      "Source": "CRAN",
      "Hash": "db4df0a09477bfb375e5f5988e71b7a2"
    },
    "DiceDesign": {
      "Package": "DiceDesign",
      "Version": "1.9",
      "Source": "CRAN",
      "Hash": "def2f43a15ee5af30083429387b6b8f0"
    },
    "FNN": {
      "Package": "FNN",
      "Version": "1.1.3",
      "Source": "CRAN",
      "Hash": "c9af3eafbcf4f7c7268b2e3c45561f36"
    },
    "GGally": {
      "Package": "GGally",
      "Version": "2.1.2",
      "Source": "CRAN",
      "Hash": "f96d73a3febbfc2008ecb8f9d7a2567d"
    },
    "GPfit": {
      "Package": "GPfit",
      "Version": "1.0-8",
      "Source": "CRAN",
      "Hash": "801a9b5edcf5119e45f1d2b047fb87a8"
    },
    "KernSmooth": {
      "Package": "KernSmooth",
      "Version": "2.23-20",
      "Source": "CRAN",
      "Hash": "226f7a3434087f3eaa950d49146a36ed"
    },
    "MASS": {
      "Package": "MASS",
      "Version": "7.3-54",
      "Source": "CRAN",
      "Hash": "2fca71b6024172dc983c60803985effc"
    },
    "Matrix": {
      "Package": "Matrix",
      "Version": "1.3-3",
      "Source": "CRAN",
      "Hash": "52d0cb0d30e10c9a470dea7accfc9d7e"
    },
    "ParamHelpers": {
      "Package": "ParamHelpers",
      "Version": "1.14",
      "Source": "CRAN",
      "Hash": "c0c0bbb976bffac0ed5beee0f4c8308c"
    },
    "R6": {
      "Package": "R6",
      "Version": "2.5.1",
      "Source": "CRAN",
      "Hash": "e89daa827243e0283b3503d942772012"
    },
    "RANN": {
      "Package": "RANN",
      "Version": "2.6.1",
      "Source": "CRAN",
      "Hash": "5c37b58563c50cb0e3272a3d352ee3d2"
    },
    "RColorBrewer": {
      "Package": "RColorBrewer",
      "Version": "1.1-2",
      "Source": "CRAN",
      "Hash": "b4208c72b1aa76c709c59992871ea553"
    },
    "ROSE": {
      "Package": "ROSE",
      "Version": "0.0-4",
      "Source": "CRAN",
      "Hash": "c244547e3c397827164a37e57214b634"
    },
    "RSQLite": {
      "Package": "RSQLite",
      "Version": "2.2.8",
      "Source": "CRAN",
      "Hash": "9ae252263bea175947be16fc5c78c226"
    },
    "Rcpp": {
      "Package": "Rcpp",
      "Version": "1.0.7",
      "Source": "CRAN",
      "Hash": "f670ce26f613049fddff61e4da41afda"
    },
    "RcppEigen": {
      "Package": "RcppEigen",
      "Version": "0.3.3.9.1",
      "Source": "CRAN",
      "Hash": "73105032d34c1b8a4f1632c5d231a64a"
    },
    "Rttf2pt1": {
      "Package": "Rttf2pt1",
      "Version": "1.3.9",
      "Source": "CRAN",
      "Hash": "2d7ab5f437346185c532092a2a2f1629"
    },
    "SQUAREM": {
      "Package": "SQUAREM",
      "Version": "2021.1",
      "Source": "CRAN",
      "Hash": "a6e3cae7c5ee708e63c8de48f41bf7c9"
    },
    "XML": {
      "Package": "XML",
      "Version": "3.99-0.8",
      "Source": "CRAN",
      "Hash": "1993f25b6ac1fd88e69f01b723de54e2"
    },
    "askpass": {
      "Package": "askpass",
      "Version": "1.1",
      "Source": "CRAN",
      "Hash": "3a5b3b3d135e0b3b32a3bdaac7406d04"
    },
    "assertthat": {
      "Package": "assertthat",
      "Version": "0.2.1",
      "Source": "CRAN",
      "Hash": "f5a5ef0047f455605f3548b3677e47bb"
    },
    "backports": {
      "Package": "backports",
      "Version": "1.2.1",
      "Source": "CRAN",
      "Hash": "fcc3258d4bf4e13fcd195c6861019bee"
    },
    "base64enc": {
      "Package": "base64enc",
      "Version": "0.1-3",
      "Source": "CRAN",
      "Hash": "5821913bb3f01762d27faf94b2f61023"
    },
    "bit": {
      "Package": "bit",
      "Version": "4.0.4",
      "Source": "CRAN",
      "Hash": "3e434adf9286dd53f0df7d0361d043eb"
    },
    "bit64": {
      "Package": "bit64",
      "Version": "4.0.5",
      "Source": "CRAN",
      "Hash": "9f05d1b8b18f3b7406359e76b1e04ff4"
    },
    "blob": {
      "Package": "blob",
      "Version": "1.2.2",
      "Source": "CRAN",
      "Hash": "1720414850b6aaf832dd9d3bd23ba826"
    },
    "boot": {
      "Package": "boot",
      "Version": "1.3-28",
      "Source": "CRAN",
      "Hash": "55e775d6926b9129ecc9aa2811342e90"
    },
    "brew": {
      "Package": "brew",
      "Version": "1.0-6",
      "Source": "CRAN",
      "Hash": "d07b2d49ee47a619751e9ea61bd41641"
    },
    "brio": {
      "Package": "brio",
      "Version": "1.1.3",
      "Source": "CRAN",
      "Hash": "a03cc2ed6883880cfe429364509d3565"
    },
    "broom": {
      "Package": "broom",
      "Version": "0.7.9",
      "Source": "CRAN",
      "Hash": "f10fa30a7fd847b585b5900b97e0099e"
    },
    "cachem": {
      "Package": "cachem",
      "Version": "1.0.6",
      "Source": "CRAN",
      "Hash": "8568eb586aa8049e4fc345d0a4fc98f5"
    },
    "callr": {
      "Package": "callr",
      "Version": "3.7.0",
      "Source": "CRAN",
      "Hash": "98f76a7e6eb03ceec4b3906de253985e"
    },
    "cellranger": {
      "Package": "cellranger",
      "Version": "1.1.0",
      "Source": "CRAN",
      "Hash": "c5faef32e6a44ad38c236ef6ef394b2d"
    },
    "checkmate": {
      "Package": "checkmate",
      "Version": "2.0.0",
      "Source": "CRAN",
      "Hash": "c346db67b7a3f28d7bb7201cd151a656"
    },
    "class": {
      "Package": "class",
      "Version": "7.3-19",
      "Source": "CRAN",
      "Hash": "5ee824a7bbda2da4bb9f8b77e392ecd5"
    },
    "classInt": {
      "Package": "classInt",
      "Version": "0.4-3",
      "Source": "CRAN",
      "Hash": "5f369d0e18f5beea0b0e0a62d620d9fd"
    },
    "cli": {
      "Package": "cli",
      "Version": "3.1.0",
      "Source": "CRAN",
      "Hash": "e9cd124a0de1972958a840c616e43cf3"
    },
    "clipr": {
      "Package": "clipr",
      "Version": "0.7.1",
      "Source": "CRAN",
      "Hash": "b03d20a67afaf7802225b162f877719a"
    },
    "clisymbols": {
      "Package": "clisymbols",
      "Version": "1.2.0",
      "Source": "CRAN",
      "Hash": "450eb72d736aff6eca60b10ec139dae5"
    },
    "cluster": {
      "Package": "cluster",
      "Version": "2.1.2",
      "Source": "CRAN",
      "Hash": "6f8b2fb5f84949f91dd7911766b9fa89"
    },
    "codetools": {
      "Package": "codetools",
      "Version": "0.2-18",
      "Source": "CRAN",
      "Hash": "6d81d80d4e3d5c29b8883005407d4a0a"
    },
    "coefplot": {
      "Package": "coefplot",
      "Version": "1.2.7",
      "Source": "CRAN",
      "Hash": "53b50317291bbc7c87b2ff298d3eb265"
    },
    "colorspace": {
      "Package": "colorspace",
      "Version": "2.0-2",
      "Source": "CRAN",
      "Hash": "255487172dda79391c52e3691c9a5729"
    },
    "commonmark": {
      "Package": "commonmark",
      "Version": "1.7",
      "Source": "CRAN",
      "Hash": "2e0466b547cbbca4a8720363974a7895"
    },
    "conflicted": {
      "Package": "conflicted",
      "Version": "1.0.4",
      "Source": "CRAN",
      "Hash": "e2338f80888878f059cd9ff5c2cabd03"
    },
    "cpp11": {
      "Package": "cpp11",
      "Version": "0.3.1",
      "Source": "CRAN",
      "Hash": "c8b7290f3102fc92eb0e7099095fe2f7"
    },
    "crayon": {
      "Package": "crayon",
      "Version": "1.4.1",
      "Source": "CRAN",
      "Hash": "8e9c6d5daa2093a98373620666cbdf3e"
    },
    "credentials": {
      "Package": "credentials",
      "Version": "1.3.2",
      "Source": "CRAN",
      "Hash": "dbc799fe06f46d94ada129b29b73bfc8"
    },
    "crosstalk": {
      "Package": "crosstalk",
      "Version": "1.1.1",
      "Source": "CRAN",
      "Hash": "7da7d9def9448a52018f13757b8c7744"
    },
    "curl": {
      "Package": "curl",
      "Version": "4.3.2",
      "Source": "CRAN",
      "Hash": "388c13c1535ea4fac094606acaa20b04"
    },
    "data.table": {
      "Package": "data.table",
      "Version": "1.14.0",
      "Source": "CRAN",
      "Hash": "5401b64a2570bf89e89955ddf09ba3dc"
    },
    "dbplyr": {
      "Package": "dbplyr",
      "Version": "2.1.1",
      "Source": "CRAN",
      "Hash": "0370bf70b8d7e57a5f751b61b9dcbb61"
    },
    "desc": {
      "Package": "desc",
      "Version": "1.4.0",
      "Source": "CRAN",
      "Hash": "3256ec3e307e5ca1910d3881275f954b"
    },
    "devtools": {
      "Package": "devtools",
      "Version": "2.4.3",
      "Source": "CRAN",
      "Hash": "aa82806ea9f21a6a9518fc1b53a89fd0"
    },
    "dials": {
      "Package": "dials",
      "Version": "0.0.10",
      "Source": "CRAN",
      "Hash": "5ecdf5141ef23a59df536a33ba8e83c9"
    },
    "diffobj": {
      "Package": "diffobj",
      "Version": "0.3.5",
      "Source": "CRAN",
      "Hash": "438f1a9400480eda365c10975d7fa1b3"
    },
    "digest": {
      "Package": "digest",
      "Version": "0.6.27",
      "Source": "CRAN",
      "Hash": "240562e9648f5047b7a279b7f9bba289"
    },
    "doParallel": {
      "Package": "doParallel",
      "Version": "1.0.16",
      "Source": "CRAN",
      "Hash": "68b4656bddbcb3453606aaededa83c8e"
    },
    "dplyr": {
      "Package": "dplyr",
      "Version": "1.0.8",
      "Source": "CRAN",
      "Hash": "5df42b7a6bb502f934c33a2764c06b34"
    },
    "dygraphs": {
      "Package": "dygraphs",
      "Version": "1.1.1.6",
      "Source": "CRAN",
      "Hash": "a34d69e5aa47482200ff6609d9af404a"
    },
    "e1071": {
      "Package": "e1071",
      "Version": "1.7-9",
      "Source": "CRAN",
      "Hash": "cfd0cc01031904c42663f3978e59f90a"
    },
    "ellipsis": {
      "Package": "ellipsis",
      "Version": "0.3.2",
      "Source": "CRAN",
      "Hash": "9c9e268e7d927f0bac25ade2b14135b1"
    },
    "evaluate": {
      "Package": "evaluate",
      "Version": "0.14",
      "Source": "CRAN",
      "Hash": "efa65844c98bdf53b46961574be90442"
    },
    "extrafont": {
      "Package": "extrafont",
      "Version": "0.17",
      "Source": "CRAN",
      "Hash": "598ea33cc3081b0225cda24254d99c23"
    },
    "extrafontdb": {
      "Package": "extrafontdb",
      "Version": "1.0",
      "Source": "CRAN",
      "Hash": "d9dcaac4565bf03d1c1fc57ca7ca011a"
    },
    "fansi": {
      "Package": "fansi",
      "Version": "0.5.0",
      "Source": "CRAN",
      "Hash": "cca821fa5f0f219f9d08112d67d86172"
    },
    "farver": {
      "Package": "farver",
      "Version": "2.1.0",
      "Source": "CRAN",
      "Hash": "28e3a263309b8b0851312702a4676eec"
    },
    "fastmap": {
      "Package": "fastmap",
      "Version": "1.1.0",
      "Source": "CRAN",
      "Hash": "cc6d8ef715ca0347c81b171e44b22262"
    },
    "fastmatch": {
      "Package": "fastmatch",
      "Version": "1.1-3",
      "Source": "CRAN",
      "Hash": "b60572ac3a07605d7a32df2c683df011"
    },
    "finetune": {
      "Package": "finetune",
      "Version": "0.1.0",
      "Source": "CRAN",
      "Hash": "0fcfa85f46e357e1e4119b546ae9eb83"
    },
    "forcats": {
      "Package": "forcats",
      "Version": "0.5.1",
      "Source": "CRAN",
      "Hash": "03aad793998df62c913dbb310cbb42cb"
    },
    "foreach": {
      "Package": "foreach",
      "Version": "1.5.1",
      "Source": "CRAN",
      "Hash": "fc8f15ba095746ac22bcbfe5a2ce83b0"
    },
    "foreign": {
      "Package": "foreign",
      "Version": "0.8-81",
      "Source": "CRAN",
      "Hash": "5da15fe8dbfe11ec988ca89d0797812e"
    },
    "fs": {
      "Package": "fs",
      "Version": "1.5.0",
      "Source": "CRAN",
      "Hash": "15945b4e9fde63ae2436c56166d69301"
    },
    "furrr": {
      "Package": "furrr",
      "Version": "0.2.3",
      "Source": "CRAN",
      "Hash": "1cfe7a49f20a7c1037c643607f03fb16"
    },
    "future": {
      "Package": "future",
      "Version": "1.22.1",
      "Source": "CRAN",
      "Hash": "a74266822e148de36ef3739f4b3e084c"
    },
    "future.apply": {
      "Package": "future.apply",
      "Version": "1.8.1",
      "Source": "CRAN",
      "Hash": "397aab91d16079e1d0ea42b42e7ecbec"
    },
    "gargle": {
      "Package": "gargle",
      "Version": "1.2.0",
      "Source": "CRAN",
      "Hash": "9509cf5883116264dd20dd10190cec48"
    },
    "generics": {
      "Package": "generics",
      "Version": "0.1.0",
      "Source": "CRAN",
      "Hash": "f6af45d2645b21494be288f6c07c1410"
    },
    "geojsonsf": {
      "Package": "geojsonsf",
      "Version": "2.0.1",
      "Source": "CRAN",
      "Hash": "aabb0bf670c3807c049be5e18a29d056"
    },
    "geometries": {
      "Package": "geometries",
      "Version": "0.2.0",
      "Source": "CRAN",
      "Hash": "2473606a6e84808a84ead69f3cf368fd"
    },
    "gert": {
      "Package": "gert",
      "Version": "1.5.0",
      "Source": "CRAN",
      "Hash": "6a9591bb8ecab6bc5cbed97415b356fb"
    },
    "ggplot2": {
      "Package": "ggplot2",
      "Version": "3.3.5",
      "Source": "CRAN",
      "Hash": "9b2a446debde47c27cdeb4b5b9dbc262"
    },
    "ggridges": {
      "Package": "ggridges",
      "Version": "0.5.3",
      "Source": "CRAN",
      "Hash": "cef35bc225d7f0bfbee62239e01c5bc4"
    },
    "ggthemes": {
      "Package": "ggthemes",
      "Version": "4.2.4",
      "Source": "CRAN",
      "Hash": "776bf8f26179dcd6946d524d1bd5da58"
    },
    "gh": {
      "Package": "gh",
      "Version": "1.3.0",
      "Source": "CRAN",
      "Hash": "8fce717a2c8ad859c178b8979ae273e0"
    },
    "gitcreds": {
      "Package": "gitcreds",
      "Version": "0.1.1",
      "Source": "CRAN",
      "Hash": "82b854a424396950b1910e611b70941c"
    },
    "glmnet": {
      "Package": "glmnet",
      "Version": "4.1-2",
      "Source": "CRAN",
      "Hash": "9a9e545d9328570617a9ba40e16e51a3"
    },
    "globals": {
      "Package": "globals",
      "Version": "0.14.0",
      "Source": "CRAN",
      "Hash": "49a170254ca2fef36d6a8853d2f614a4"
    },
    "glue": {
      "Package": "glue",
      "Version": "1.4.2",
      "Source": "CRAN",
      "Hash": "227f5a86c8640824e13ec45ffc2b885a"
    },
    "googledrive": {
      "Package": "googledrive",
      "Version": "2.0.0",
      "Source": "CRAN",
      "Hash": "c6a775ef969382e698cec380c6182c51"
    },
    "googlesheets4": {
      "Package": "googlesheets4",
      "Version": "1.0.0",
      "Source": "CRAN",
      "Hash": "0be89fed40568f092345918726361edd"
    },
    "gower": {
      "Package": "gower",
      "Version": "0.2.2",
      "Source": "CRAN",
      "Hash": "03944b204044c3c4622f698d7ee1ea9c"
    },
    "gridExtra": {
      "Package": "gridExtra",
      "Version": "2.3",
      "Source": "CRAN",
      "Hash": "a30c04f738780a447e14bb81c251c2f7"
    },
    "gtable": {
      "Package": "gtable",
      "Version": "0.3.0",
      "Source": "CRAN",
      "Hash": "79457c7a6163defdc87d48a33e3a51e4"
    },
    "hardhat": {
      "Package": "hardhat",
      "Version": "0.1.6",
      "Source": "CRAN",
      "Hash": "dd6ff430ee29e5a0516778b01f0fdbfb"
    },
    "here": {
      "Package": "here",
      "Version": "1.0.1",
      "Source": "CRAN",
      "Hash": "01f60485fa0204529f414bcdcc3878ac"
    },
    "highr": {
      "Package": "highr",
      "Version": "0.9",
      "Source": "CRAN",
      "Hash": "e49087764b51eb57bf4c51f8cc75f166"
    },
    "hms": {
      "Package": "hms",
      "Version": "1.1.0",
      "Source": "CRAN",
      "Hash": "b7487d5d8a0e4bbdcc45ab9af438aacf"
    },
    "htmltools": {
      "Package": "htmltools",
      "Version": "0.5.1.1",
      "Source": "CRAN",
      "Hash": "f203364fabaf6c642e2ef561a414f032"
    },
    "htmlwidgets": {
      "Package": "htmlwidgets",
      "Version": "1.5.4",
      "Source": "CRAN",
      "Hash": "67aedb260ea1041ab753575897d9f9ad"
    },
    "httr": {
      "Package": "httr",
      "Version": "1.4.2",
      "Source": "CRAN",
      "Hash": "a5d8a194fa6459d13709729ce98a7250"
    },
    "ids": {
      "Package": "ids",
      "Version": "1.0.1",
      "Source": "CRAN",
      "Hash": "2499736a03bcf00224b72ccb988fbb63"
    },
    "infer": {
      "Package": "infer",
      "Version": "1.0.0",
      "Source": "CRAN",
      "Hash": "e901b083a59915d0477542c0d47395b8"
    },
    "ini": {
      "Package": "ini",
      "Version": "0.3.1",
      "Source": "CRAN",
      "Hash": "80934c3282006b80be35ee313bf51e24"
    },
    "ipred": {
      "Package": "ipred",
      "Version": "0.9-12",
      "Source": "CRAN",
      "Hash": "536d4628d235a90a1ec7db38197d6266"
    },
    "isoband": {
      "Package": "isoband",
      "Version": "0.2.5",
      "Source": "CRAN",
      "Hash": "2b74fe640a8c1181b07c8afc71ffd6ee"
    },
    "iterators": {
      "Package": "iterators",
      "Version": "1.0.13",
      "Source": "CRAN",
      "Hash": "199df9ecccb3fe691d70c48e8f5b5874"
    },
    "jquerylib": {
      "Package": "jquerylib",
      "Version": "0.1.4",
      "Source": "CRAN",
      "Hash": "a836c77460d7df5d69a4fd4fe03374ae"
    },
    "jsonify": {
      "Package": "jsonify",
      "Version": "1.2.1",
      "Source": "CRAN",
      "Hash": "8d6a4f5eaa259eabd1c4f627655a881e"
    },
    "jsonlite": {
      "Package": "jsonlite",
      "Version": "1.7.2",
      "Source": "CRAN",
      "Hash": "d120449711da1443ab96ffd9d7a25f9a"
    },
    "knitr": {
      "Package": "knitr",
      "Version": "1.33",
      "Source": "CRAN",
      "Hash": "7418f927be290b5720ce4fd4a5bf3e79"
    },
    "labeling": {
      "Package": "labeling",
      "Version": "0.4.2",
      "Source": "CRAN",
      "Hash": "97d3e6112688252c5b04c1851d3f56aa"
    },
    "later": {
      "Package": "later",
      "Version": "1.2.0",
      "Source": "CRAN",
      "Hash": "5fc9ecdf48baf2bdc68b9dfc29458891"
    },
    "lattice": {
      "Package": "lattice",
      "Version": "0.20-44",
      "Source": "CRAN",
      "Hash": "9f39f211a5dfd5fc982e679fe4bc2bf3"
    },
    "lava": {
      "Package": "lava",
      "Version": "1.6.10",
      "Source": "CRAN",
      "Hash": "da7587aa51d07da15e403d085f7561a5"
    },
    "lazyeval": {
      "Package": "lazyeval",
      "Version": "0.2.2",
      "Source": "CRAN",
      "Hash": "b0c6f55f1af5e65931b144044af04036"
    },
    "leafgl": {
      "Package": "leafgl",
      "Version": "0.1.1",
      "Source": "CRAN",
      "Hash": "e02e71add8b5b46582050d9c2916500d"
    },
    "leaflet": {
      "Package": "leaflet",
      "Version": "2.0.4.1",
      "Source": "CRAN",
      "Hash": "e510a8b8f723ac2730ce676ad1f807f2"
    },
    "leaflet.providers": {
      "Package": "leaflet.providers",
      "Version": "1.9.0",
      "Source": "CRAN",
      "Hash": "42d86a9c1953a9d24584f94025f744e5"
    },
    "lhs": {
      "Package": "lhs",
      "Version": "1.1.3",
      "Source": "CRAN",
      "Hash": "0cb2032c40fc5add2823eb62258e043d"
    },
    "lifecycle": {
      "Package": "lifecycle",
      "Version": "1.0.1",
      "Source": "CRAN",
      "Hash": "d7f207bfa270ee80c4fc2edd22813524"
    },
    "listenv": {
      "Package": "listenv",
      "Version": "0.8.0",
      "Source": "CRAN",
      "Hash": "6a87a92e6151f32226e8f524ecf4f803"
    },
    "lobstr": {
      "Package": "lobstr",
      "Version": "1.1.1",
      "Source": "CRAN",
      "Hash": "a65bf46f0aafe16506cbd9bd74d5f231"
    },
    "lubridate": {
      "Package": "lubridate",
      "Version": "1.7.10",
      "Source": "CRAN",
      "Hash": "e3ce8098983095ad98c3d98c00194630"
    },
    "magrittr": {
      "Package": "magrittr",
      "Version": "2.0.1",
      "Source": "CRAN",
      "Hash": "50f8c063876e41e9bedc67b43cdd0cee"
    },
    "markdown": {
      "Package": "markdown",
      "Version": "1.1",
      "Source": "CRAN",
      "Hash": "2044f88bcc3cbf366aa8049158b29c98"
    },
    "maxLik": {
      "Package": "maxLik",
      "Version": "1.5-2",
      "Source": "CRAN",
      "Hash": "85505e5e8b3298b0edcbb26736244d59"
    },
    "memoise": {
      "Package": "memoise",
      "Version": "2.0.0",
      "Source": "CRAN",
      "Hash": "7adf709f164ba8c7ad302f02977f3204"
    },
    "mgcv": {
      "Package": "mgcv",
      "Version": "1.8-35",
      "Source": "CRAN",
      "Hash": "2213ded1e108e0e9b9ffa9963d63e7ae"
    },
    "mime": {
      "Package": "mime",
      "Version": "0.11",
      "Source": "CRAN",
      "Hash": "a05292be5c5f68011f9db7b8347cf2a4"
    },
    "miscTools": {
      "Package": "miscTools",
      "Version": "0.6-26",
      "Source": "CRAN",
      "Hash": "86398c45c05998a33504118287d7c635"
    },
    "mlr": {
      "Package": "mlr",
      "Version": "2.19.0",
      "Source": "CRAN",
      "Hash": "fd64db404b8fe3ce45890978e83acda2"
    },
    "modeldata": {
      "Package": "modeldata",
      "Version": "0.1.1",
      "Source": "CRAN",
      "Hash": "27cf5bb1554865dfd87358be5c564d2d"
    },
    "munsell": {
      "Package": "munsell",
      "Version": "0.5.0",
      "Source": "CRAN",
      "Hash": "f5a77059510c3cf7c8d793d2623ee4ba"
    },
    "nlme": {
      "Package": "nlme",
      "Version": "3.1-152",
      "Source": "CRAN",
      "Hash": "a829cc5f464da79942725cc0998a527c"
    },
    "nnet": {
      "Package": "nnet",
      "Version": "7.3-16",
      "Source": "CRAN",
      "Hash": "ab9ebd490cb794aa43f762a03a82a8e9"
    },
    "numDeriv": {
      "Package": "numDeriv",
      "Version": "2016.8-1.1",
      "Source": "CRAN",
      "Hash": "f75bf725e9d858034fd7ba9b53f5a60e"
    },
    "odbc": {
      "Package": "odbc",
      "Version": "1.3.3",
      "Source": "CRAN",
      "Hash": "e0c22e1dbe6022adcf4d213bf87da0ab"
    },
    "openssl": {
      "Package": "openssl",
      "Version": "1.4.5",
      "Source": "CRAN",
      "Hash": "645fcbfeec1026a4281f8ed4013a685e"
    },
    "pROC": {
      "Package": "pROC",
      "Version": "1.18.0",
      "Source": "CRAN",
      "Hash": "64d41b509e10736785101df60d979a8f"
    },
    "paint": {
      "Package": "paint",
      "Version": "0.1.1",
      "Source": "CRAN",
      "RemoteUrl": "https://github.com/milesmcbain/paint",
      "RemoteRef": "v0.1.1",
      "RemoteSha": "c810bba03dc063f1c388708f61784c2b6474697d",
      "Hash": "dbfceb0bbd42e8b06478e013fef87b87"
    },
    "parallelMap": {
      "Package": "parallelMap",
      "Version": "1.5.1",
      "Source": "CRAN",
      "Hash": "ae403ba65afdc1dfcaf573b5482a1b08"
    },
    "parallelly": {
      "Package": "parallelly",
      "Version": "1.28.1",
      "Source": "CRAN",
      "Hash": "e84b8ec2cbcb2d5523cdf2d802e83559"
    },
    "parsnip": {
      "Package": "parsnip",
      "Version": "0.1.7",
      "Source": "CRAN",
      "Hash": "460cda58a70891b497bbc46e4bc1453d"
    },
    "patchwork": {
      "Package": "patchwork",
      "Version": "1.1.1",
      "Source": "CRAN",
      "Hash": "ffb6bdae43f5c339c73dabdc1ed717bf"
    },
    "piggyback": {
      "Package": "piggyback",
      "Version": "0.1.1",
      "Source": "CRAN",
      "Hash": "277ecbe4fd17734e8b77f425145778ef"
    },
    "pillar": {
      "Package": "pillar",
      "Version": "1.6.2",
      "Source": "CRAN",
      "Hash": "f1661fe243b258a9f7ce4dccd6fd507b"
    },
    "pkgbuild": {
      "Package": "pkgbuild",
      "Version": "1.3.1",
      "Source": "CRAN",
      "Hash": "49b75588fe12b807804cae408a4cd123"
    },
    "pkgconfig": {
      "Package": "pkgconfig",
      "Version": "2.0.3",
      "Source": "CRAN",
      "Hash": "2c4b07ad2c2fccb7aefda8d67a661b6b"
    },
    "pkgload": {
      "Package": "pkgload",
      "Version": "1.2.4",
      "Source": "CRAN",
      "Hash": "282485c584fcce79e5e0e9fb421a6b53"
    },
    "plogr": {
      "Package": "plogr",
      "Version": "0.2.0",
      "Source": "CRAN",
      "Hash": "a126ee27d7f42765fda270e34eb01b5e"
    },
    "plotly": {
      "Package": "plotly",
      "Version": "4.9.4.1",
      "Source": "CRAN",
      "Hash": "dfe52c9b01043db4b158774eab5a6b92"
    },
    "plyr": {
      "Package": "plyr",
      "Version": "1.8.6",
      "Source": "CRAN",
      "Hash": "742ea13727cf0d7ac1ea9c762604b873"
    },
    "png": {
      "Package": "png",
      "Version": "0.1-7",
      "Source": "CRAN",
      "RemoteType": "standard",
      "RemotePkgRef": "png",
      "RemoteRef": "png",
      "RemoteRepos": "https://packagemanager.rstudio.com/all/latest",
      "RemotePkgPlatform": "windows",
      "RemoteSha": "0.1-7",
      "Hash": "497a7dab4dda5c62dd77de31e4b4cf12"
    },
    "praise": {
      "Package": "praise",
      "Version": "1.0.0",
      "Source": "CRAN",
      "Hash": "5f067f2e59c0db1f53128d70165b527f"
    },
    "prettyunits": {
      "Package": "prettyunits",
      "Version": "1.1.1",
      "Source": "CRAN",
      "Hash": "7c639a82e70eba66f66ea413887521b7"
    },
    "processx": {
      "Package": "processx",
      "Version": "3.5.2",
      "Source": "CRAN",
      "Hash": "34ec062a169e4abb323c82c1a9e1c411"
    },
    "prodlim": {
      "Package": "prodlim",
      "Version": "2019.11.13",
      "Source": "CRAN",
      "Hash": "82b1968e93882e15e5686653d619a802"
    },
    "progress": {
      "Package": "progress",
      "Version": "1.2.2",
      "Source": "CRAN",
      "Hash": "eb045d4f620b9c75a1d497c1bf051876"
    },
    "progressr": {
      "Package": "progressr",
      "Version": "0.9.0",
      "Source": "CRAN",
      "Hash": "9b736c73ef4d790e63ac291b80d6b1ef"
    },
    "promises": {
      "Package": "promises",
      "Version": "1.2.0.1",
      "Source": "CRAN",
      "Hash": "56600ed92e6a4ffa9472fc419f560c66"
    },
    "proxy": {
      "Package": "proxy",
      "Version": "0.4-26",
      "Source": "CRAN",
      "Hash": "474baa827cffbf20e2acb18707d04f6b"
    },
    "pryr": {
      "Package": "pryr",
      "Version": "0.1.5",
      "Source": "CRAN",
      "Hash": "b5b0aa72ddd8bb7406453b1d15da4e01"
    },
    "ps": {
      "Package": "ps",
      "Version": "1.6.0",
      "Source": "CRAN",
      "Hash": "c71177a65982a5935ce5d9e6c6735c29"
    },
    "purrr": {
      "Package": "purrr",
      "Version": "0.3.4",
      "Source": "CRAN",
      "Hash": "6449b331ff2433582b3a1c7650b7fbe9"
    },
    "ranger": {
      "Package": "ranger",
      "Version": "0.13.1",
      "Source": "CRAN",
      "Hash": "2aadf95e031253ee8c5eec110e8261bc"
    },
    "rapidjsonr": {
      "Package": "rapidjsonr",
      "Version": "1.2.0",
      "Source": "CRAN",
      "Hash": "2e6c82053977d32288fe4aa69b136d29"
    },
    "rappdirs": {
      "Package": "rappdirs",
      "Version": "0.3.3",
      "Source": "CRAN",
      "Hash": "83d47cb86ce8de5913e8991508672583"
    },
    "raster": {
      "Package": "raster",
      "Version": "3.4-13",
      "Source": "CRAN",
      "Hash": "2f9cbb520da7b22e43f868035c588d90"
    },
    "rcmdcheck": {
      "Package": "rcmdcheck",
      "Version": "1.4.0",
      "Source": "CRAN",
      "Hash": "87502894214e66806872e52ea94d6f3a"
    },
    "readr": {
      "Package": "readr",
      "Version": "2.0.1",
      "Source": "CRAN",
      "Hash": "35a5043e855a250a5672150660d33622"
    },
    "readxl": {
      "Package": "readxl",
      "Version": "1.3.1",
      "Source": "CRAN",
      "Hash": "5e96f8a5fb220ce8e4b325399384edf2"
    },
    "recipes": {
      "Package": "recipes",
      "Version": "0.1.17",
      "Source": "CRAN",
      "Hash": "ba78f67fe1f653d5d25783a4452539e0"
    },
    "rematch": {
      "Package": "rematch",
      "Version": "1.0.1",
      "Source": "CRAN",
      "Hash": "40caec385e11a7bb293440913d444622"
    },
    "rematch2": {
      "Package": "rematch2",
      "Version": "2.1.2",
      "Source": "CRAN",
      "Hash": "b838a536b7d4a77018ce8aad000a10ac"
    },
    "remotes": {
      "Package": "remotes",
      "Version": "2.4.2",
      "Source": "CRAN",
      "Hash": "0c776609ee6461b54f862c6a5f15c496"
    },
    "renv": {
      "Package": "renv",
      "Version": "0.7.0-21",
      "Source": "CRAN",
      "Hash": "33a2967655455e91e24c1f38b7f26aaa"
    },
    "reshape": {
      "Package": "reshape",
      "Version": "0.8.8",
      "Source": "CRAN",
      "Hash": "110e104f1c817632713dad162d0b39ad"
    },
    "reshape2": {
      "Package": "reshape2",
      "Version": "1.4.4",
      "Source": "CRAN",
      "Hash": "4ddded15b0027e129e83f7ed035e7701"
    },
    "rlang": {
      "Package": "rlang",
      "Version": "1.0.2",
      "Source": "CRAN",
      "Hash": "d58c65d29bcb204a74af027b617ec9fd"
    },
    "rmarkdown": {
      "Package": "rmarkdown",
      "Version": "2.10",
      "Source": "CRAN",
      "Hash": "110f117863ece8ff049ab2f9be4bc4c7"
    },
    "roxygen2": {
      "Package": "roxygen2",
      "Version": "7.1.2",
      "Source": "CRAN",
      "Hash": "40827e2e6e12019029ee015be8cf07fd"
    },
    "rpart": {
      "Package": "rpart",
      "Version": "4.1-15",
      "Source": "CRAN",
      "Hash": "3602e9f075a9ed380191fd9e7504096a"
    },
    "rprojroot": {
      "Package": "rprojroot",
      "Version": "2.0.2",
      "Source": "CRAN",
      "Hash": "cf54bad2e7d9a051af68be0c86f16926"
    },
    "rsample": {
      "Package": "rsample",
      "Version": "0.1.0",
      "Source": "CRAN",
      "Hash": "8841075bc36791f36e8af86eb829a790"
    },
    "rstudioapi": {
      "Package": "rstudioapi",
      "Version": "0.13",
      "Source": "CRAN",
      "Hash": "e98e212d214ef9e80944e2a8eedb140f"
    },
    "rversions": {
      "Package": "rversions",
      "Version": "2.1.1",
      "Source": "CRAN",
      "Hash": "19ea724219fcd268075c975e40f67ea6"
    },
    "s2": {
      "Package": "s2",
      "Version": "1.0.6",
      "Source": "CRAN",
      "Hash": "a006636223d322b7b966b61ce0ec6ec3"
    },
    "sandwich": {
      "Package": "sandwich",
      "Version": "3.0-1",
      "Source": "CRAN",
      "Hash": "341ca2d21f27c6b079bd0698a3de272b"
    },
    "scales": {
      "Package": "scales",
      "Version": "1.1.1",
      "Source": "CRAN",
      "Hash": "288381e13ce54c0502ea0903aeee963a"
    },
    "sessioninfo": {
      "Package": "sessioninfo",
      "Version": "1.2.2",
      "Source": "CRAN",
      "Hash": "0504c0c7c684b0de4731995cafa8f2af"
    },
    "sf": {
      "Package": "sf",
      "Version": "1.0-2",
      "Source": "CRAN",
      "Hash": "4fa7a93626dce5e50d9678d0dce0bb0a"
    },
    "sfheaders": {
      "Package": "sfheaders",
      "Version": "0.4.0",
      "Source": "CRAN",
      "Hash": "22df16c52bc8537adcf55cbb3d43e97f"
    },
    "shape": {
      "Package": "shape",
      "Version": "1.4.6",
      "Source": "CRAN",
      "Hash": "260896b7e96de80d0edbfd3b62158479"
    },
    "slider": {
      "Package": "slider",
      "Version": "0.2.2",
      "Source": "CRAN",
      "Hash": "2c3fe66d144cbf04aa954c8a79fd70ba"
    },
    "sp": {
      "Package": "sp",
      "Version": "1.4-5",
      "Source": "CRAN",
      "Hash": "76268a1cc2f08f1d52937e71c1803386"
    },
    "spatial": {
      "Package": "spatial",
      "Version": "7.3-14",
      "Source": "CRAN",
      "Hash": "1466e8f876bc8ae5c0a9c40f35805f93"
    },
    "ssh": {
      "Package": "ssh",
      "Version": "0.8.0",
      "Source": "CRAN",
      "Hash": "728bf9f862503a52b9df6637ce00cf07"
    },
    "stringi": {
      "Package": "stringi",
      "Version": "1.7.3",
      "Source": "CRAN",
      "Hash": "fada714f2d9c7cc0e97ed72c230f3005"
    },
    "stringr": {
      "Package": "stringr",
      "Version": "1.4.0",
      "Source": "CRAN",
      "Hash": "d528b4c3a96f57fdc8ec810063df3829"
    },
    "survival": {
      "Package": "survival",
      "Version": "3.2-11",
      "Source": "CRAN",
      "Hash": "7af328d40babdad24ef27fb8ef4d1b98"
    },
    "sys": {
      "Package": "sys",
      "Version": "3.4",
      "Source": "CRAN",
      "Hash": "ee5615416ec8fdf9c3a8acaac01112cb"
    },
    "testthat": {
      "Package": "testthat",
      "Version": "3.1.1",
      "Source": "CRAN",
      "Hash": "2c1ec7afda4db5e17fc6ee699ab1ec81"
    },
    "themis": {
      "Package": "themis",
      "Version": "0.1.4",
      "Source": "CRAN",
      "Hash": "fb746b7e6acb2349b96ba096cc6319a3"
    },
    "tibble": {
      "Package": "tibble",
      "Version": "3.1.3",
      "Source": "CRAN",
      "Hash": "5bcf3ea2a2b8d1e0b60b28dcb5e47c66"
    },
    "tidymodels": {
      "Package": "tidymodels",
      "Version": "0.1.3",
      "Source": "CRAN",
      "Hash": "c9ad8ab7cc8de9976b994b0d97439ab4"
    },
    "tidyr": {
      "Package": "tidyr",
      "Version": "1.1.3",
      "Source": "CRAN",
      "Hash": "77d5e170007f0237340411b2ef7b5a56"
    },
    "tidyselect": {
      "Package": "tidyselect",
      "Version": "1.1.1",
      "Source": "CRAN",
      "Hash": "0d71e6f37254381bbc743b5fa08c4086"
    },
    "timeDate": {
      "Package": "timeDate",
      "Version": "3043.102",
      "Source": "CRAN",
      "Hash": "ba22c6fad6774fc5e084cde0dccd4af2"
    },
    "tinytex": {
      "Package": "tinytex",
      "Version": "0.33",
      "Source": "CRAN",
      "Hash": "d2f059b78a0dc773d021a12d95450538"
    },
    "tune": {
      "Package": "tune",
      "Version": "0.1.6",
      "Source": "CRAN",
      "Hash": "1aba593ed50de12a4486ecac6b896f65"
    },
    "tzdb": {
      "Package": "tzdb",
      "Version": "0.1.2",
      "Source": "CRAN",
      "Hash": "299888751146d99d0f319a4ee5f3dbfd"
    },
    "unbalanced": {
      "Package": "unbalanced",
      "Version": "2.0",
      "Source": "CRAN",
      "Hash": "60b28111038127d404402091e5d7a3b1"
    },
    "units": {
      "Package": "units",
      "Version": "0.7-2",
      "Source": "CRAN",
      "Hash": "49e1c010fed63f257f0b52a335e8ff4b"
    },
    "useful": {
      "Package": "useful",
      "Version": "1.2.6",
      "Source": "CRAN",
      "Hash": "b0b9c742c5928617f13a780a6d309a20"
    },
    "usethis": {
      "Package": "usethis",
      "Version": "2.1.5",
      "Source": "CRAN",
      "Hash": "62869856231d3f6e9be4e65b030256ac"
    },
    "utf8": {
      "Package": "utf8",
      "Version": "1.2.2",
      "Source": "CRAN",
      "Hash": "8f846cf588447a2509f0bcc54315bc34"
    },
    "uuid": {
      "Package": "uuid",
      "Version": "0.1-4",
      "Source": "CRAN",
      "Hash": "414d6838c3384c6ebe5489f699e059b4"
    },
    "vctrs": {
      "Package": "vctrs",
      "Version": "0.3.8",
      "Source": "CRAN",
      "Hash": "79d3d9d430233038a7f604cdcd997501"
    },
    "viridis": {
      "Package": "viridis",
      "Version": "0.6.1",
      "Source": "CRAN",
      "Hash": "d499dc2b1bc08c62207071fa06d416fb"
    },
    "viridisLite": {
      "Package": "viridisLite",
      "Version": "0.4.0",
      "Source": "CRAN",
      "Hash": "82570201197cbcd84f9f79a76cb2d5b0"
    },
    "vroom": {
      "Package": "vroom",
      "Version": "1.5.5",
      "Source": "CRAN",
      "Hash": "02bd296758956e77173dda2da6e5decb"
    },
    "waldo": {
      "Package": "waldo",
      "Version": "0.3.1",
      "Source": "CRAN",
      "Hash": "d78eeac94f27fba15f1f800c4fa82a22"
    },
    "warp": {
      "Package": "warp",
      "Version": "0.2.0",
      "Source": "CRAN",
      "Hash": "5034356bd10fd6734f85dbafb8736248"
    },
    "whisker": {
      "Package": "whisker",
      "Version": "0.4",
      "Source": "CRAN",
      "Hash": "37a1be757dde9e340ba6034a30a56854"
    },
    "withr": {
      "Package": "withr",
      "Version": "2.4.2",
      "Source": "CRAN",
      "Hash": "26903ba86ae76ec1e8d700dc6cc89cd0"
    },
    "wk": {
      "Package": "wk",
      "Version": "0.5.0",
      "Source": "CRAN",
      "Hash": "3e645e477819c8a856081f5d267279cb"
    },
    "workflows": {
      "Package": "workflows",
      "Version": "0.2.3",
      "Source": "CRAN",
      "Hash": "6bef2a77b1b099c9755aea1aae5cd0ef"
    },
    "workflowsets": {
      "Package": "workflowsets",
      "Version": "0.1.0",
      "Source": "CRAN",
      "Hash": "d99e77a4fa4d094beaed0fa08ab5a3a3"
    },
    "xfun": {
      "Package": "xfun",
      "Version": "0.25",
      "Source": "CRAN",
      "Hash": "e89fcac3e79ecd1f5c6a7779d4950304"
    },
    "xgboost": {
      "Package": "xgboost",
      "Version": "1.4.1.1",
      "Source": "CRAN",
      "Hash": "96664358abc5f1ce3685e055c544e365"
    },
    "xml2": {
      "Package": "xml2",
      "Version": "1.3.3",
      "Source": "CRAN",
      "Hash": "bffeb1a94180ed65bf3803855669e976"
    },
    "xopen": {
      "Package": "xopen",
      "Version": "1.0.0",
      "Source": "CRAN",
      "Hash": "f4dac904f44922b388d4f3ab73ce8cdc"
    },
    "xts": {
      "Package": "xts",
      "Version": "0.12.1",
      "Source": "CRAN",
      "Hash": "e259d4a6bfde8ad5c0df49ff65e1847c"
    },
    "yaml": {
      "Package": "yaml",
      "Version": "2.2.1",
      "Source": "CRAN",
      "Hash": "f7f86c8161d6f28b36a06c6763f69451"
    },
    "yardstick": {
      "Package": "yardstick",
      "Version": "0.0.8",
      "Source": "CRAN",
      "Hash": "0946c0c701381552d08659971c5e42e3"
    },
    "zip": {
      "Package": "zip",
      "Version": "2.2.0",
      "Source": "CRAN",
      "Hash": "0d4e4c8b54f29225a4c40754de929649"
    },
    "zoo": {
      "Package": "zoo",
      "Version": "1.8-9",
      "Source": "CRAN",
      "Hash": "42868f13a93513b25070d05ac19781ed"
    }
  }
}
