{
  "renv": {
    "Version": "0.7.0-21"
  },
  "R": {
    "Version": "4.0.2",
    "Repositories": [
      {
        "Name": "CRAN",
        "URL": "https://cran.rstudio.com"
      }
    ]
  },
  "Packages": {
    "BBmisc": {
      "Package": "BBmisc",
      "Version": "1.11",
      "Source": "CRAN",
      "Hash": "241a9d66eaee3e8822fe2188f267f5d2"
    },
    "BH": {
      "Package": "BH",
      "Version": "1.72.0-3",
      "Source": "CRAN",
      "Hash": "f4e7dc756ca5047001eacfa506c357fc"
    },
    "C50": {
      "Package": "C50",
      "Version": "0.1.3.1",
      "Source": "CRAN",
      "Hash": "f4628c59f4c405a2a4266b5fc7cc0e72"
    },
    "CVXR": {
      "Package": "CVXR",
      "Version": "1.0-1",
      "Source": "CRAN",
      "Hash": "6a990ece85bf9239fcc294e3cf33b9ef"
    },
    "Cubist": {
      "Package": "Cubist",
      "Version": "0.2.3",
      "Source": "CRAN",
      "Hash": "60726b5dec766c80db1a6d9428505330"
    },
    "DBI": {
      "Package": "DBI",
      "Version": "1.1.0",
      "Source": "CRAN",
      "Hash": "698c6c67e166564b0edd3d23a6037189"
    },
    "DT": {
      "Package": "DT",
      "Version": "0.14",
      "Source": "CRAN",
      "Hash": "d4be8c3e19ddcfaf76fc9c46dd183e3c"
    },
    "DiagrammeR": {
      "Package": "DiagrammeR",
      "Version": "1.0.6.1",
      "Source": "CRAN",
      "Hash": "1498a66cf286f8d21e4fff83bac233bb"
    },
    "DiceDesign": {
      "Package": "DiceDesign",
      "Version": "1.8-1",
      "Source": "CRAN",
      "Hash": "d6386dfe46ae971162871b8c62db2148"
    },
    "ECOSolveR": {
      "Package": "ECOSolveR",
      "Version": "0.5.3",
      "Source": "CRAN",
      "Hash": "9f39b33e85654d8f21784f04dac78959"
    },
    "FNN": {
      "Package": "FNN",
      "Version": "1.1.3",
      "Source": "CRAN",
      "Hash": "ff4b7cb1a8251cece5cbf651e033f395"
    },
    "Formula": {
      "Package": "Formula",
      "Version": "1.2-3",
      "Source": "CRAN",
      "Hash": "5ab48049e9ed69cfdca35cd4b46e80a2"
    },
    "GGally": {
      "Package": "GGally",
      "Version": "2.0.0",
      "Source": "CRAN",
      "Hash": "385940411cfd5c1f9c3d1d21446732a1"
    },
    "GPfit": {
      "Package": "GPfit",
      "Version": "1.0-8",
      "Source": "CRAN",
      "Hash": "1930b08df05606ec0044734bf129cb22"
    },
    "KernSmooth": {
      "Package": "KernSmooth",
      "Version": "2.23-17",
      "Source": "CRAN",
      "Hash": "f4b9417a7181481856bb45282ee1833f"
    },
    "MASS": {
      "Package": "MASS",
      "Version": "7.3-51.6",
      "Source": "CRAN",
      "Hash": "e98155080223286db80702cad0a420f5"
    },
    "Matrix": {
      "Package": "Matrix",
      "Version": "1.2-18",
      "Source": "CRAN",
      "Hash": "57faa25f6d4a6b2a4c0137d56d3d1caa"
    },
    "ParamHelpers": {
      "Package": "ParamHelpers",
      "Version": "1.14",
      "Source": "CRAN",
      "Hash": "7896b8f80ffa47b50bf49b01fc8b3401"
    },
    "R6": {
      "Package": "R6",
      "Version": "2.4.1",
      "Source": "CRAN",
      "Hash": "2187e80b428a1395b0775bbed1919c3d"
    },
    "RANN": {
      "Package": "RANN",
      "Version": "2.6.1",
      "Source": "CRAN",
      "Hash": "0ebd853edac56d609f592f00d8974eb3"
    },
    "RColorBrewer": {
      "Package": "RColorBrewer",
      "Version": "1.1-2",
      "Source": "CRAN",
      "Hash": "809902d01e87357da7dfab3e0ff01087"
    },
    "ROSE": {
      "Package": "ROSE",
      "Version": "0.0-3",
      "Source": "CRAN",
      "Hash": "7afebc46895f2cf4cefcbf45753325e0"
    },
    "RSQLite": {
      "Package": "RSQLite",
      "Version": "2.2.0",
      "Source": "CRAN",
      "Hash": "49f8470ad52f65f03d8ba3e274666e7f"
    },
    "Rcpp": {
      "Package": "Rcpp",
      "Version": "1.0.5",
      "Source": "CRAN",
      "Hash": "b70d8cdf43de438cfeb0fabc95b80e2f"
    },
    "RcppCCTZ": {
      "Package": "RcppCCTZ",
      "Version": "0.2.8",
      "Source": "CRAN",
      "Hash": "8fde035733b36db6bc2a5086a62aa1ca"
    },
    "RcppDate": {
      "Package": "RcppDate",
      "Version": "0.0.1",
      "Source": "CRAN",
      "Hash": "d394c135148c1a4f1175f01005e7b446"
    },
    "RcppEigen": {
      "Package": "RcppEigen",
      "Version": "0.3.3.7.0",
      "Source": "CRAN",
      "Hash": "f00e26b4a2e73a8d5d27a3e53836e5f8"
    },
    "RepoGenerator": {
      "Package": "RepoGenerator",
      "Version": "0.0.1",
      "Source": "CRAN",
      "Hash": "a22c1fbe881cb47da51255ce3956fe63"
    },
    "Rmpfr": {
      "Package": "Rmpfr",
      "Version": "0.8-1",
      "Source": "CRAN",
      "Hash": "b6cf6a946f3be4ac09a43c0772f68a69"
    },
    "SQUAREM": {
      "Package": "SQUAREM",
      "Version": "2020.3",
      "Source": "CRAN",
      "Hash": "9416c1f800fbfea33195682766fb85d6"
    },
    "XML": {
      "Package": "XML",
      "Version": "3.99-0.4",
      "Source": "CRAN",
      "Hash": "7a1866e286f7b6eef417991c0802f44b"
    },
    "askpass": {
      "Package": "askpass",
      "Version": "1.1",
      "Source": "CRAN",
      "Hash": "70c0d87c618d57f418bba6960d645623"
    },
    "assertthat": {
      "Package": "assertthat",
      "Version": "0.2.1",
      "Source": "CRAN",
      "Hash": "4f2bf2582970b9294d3031c4a4628c66"
    },
    "babynames": {
      "Package": "babynames",
      "Version": "1.0.0",
      "Source": "CRAN",
      "Hash": "13246077499a137da26b7ff72137661c"
    },
    "backports": {
      "Package": "backports",
      "Version": "1.1.8",
      "Source": "CRAN",
      "Hash": "5f201e2015a0a72b58d6f17717cea175"
    },
    "base64enc": {
      "Package": "base64enc",
      "Version": "0.1-3",
      "Source": "CRAN",
      "Hash": "e0d7ac80256d60b416b87ac88711d4b4"
    },
    "base64url": {
      "Package": "base64url",
      "Version": "1.4",
      "Source": "CRAN",
      "Hash": "8e17eff3303c9c3eb0cb3bea5d30c191"
    },
    "beeswarm": {
      "Package": "beeswarm",
      "Version": "0.2.3",
      "Source": "CRAN",
      "Hash": "6f14c66844e01ba5ef695a1544d72ff9"
    },
    "bench": {
      "Package": "bench",
      "Version": "1.1.1",
      "Source": "CRAN",
      "Hash": "d6896cb6ff3b6c6679a1f562482fb390"
    },
    "bit": {
      "Package": "bit",
      "Version": "4.0.4",
      "Source": "CRAN",
      "Hash": "7e6979c79d3749431cd7357ea82f8679"
    },
    "bit64": {
      "Package": "bit64",
      "Version": "4.0.2",
      "Source": "CRAN",
      "Hash": "108015d2c2b2f6bed4ecdd2c0b1045f9"
    },
    "blob": {
      "Package": "blob",
      "Version": "1.2.1",
      "Source": "CRAN",
      "Hash": "eb06898c2aaf29c1ad9c8e6bd02f9d01"
    },
    "bookdown": {
      "Package": "bookdown",
      "Version": "0.20",
      "Source": "CRAN",
      "Hash": "3db62d56eedcf6d59a5102f978ac3dbd"
    },
    "boot": {
      "Package": "boot",
      "Version": "1.3-25",
      "Source": "CRAN",
      "Hash": "8f409eab1335e65d1b3f6633d06614ce"
    },
    "breakDown": {
      "Package": "breakDown",
      "Version": "0.2.0",
      "Source": "CRAN",
      "Hash": "b0a255269a057baf60601f8ec7bc667c"
    },
    "brew": {
      "Package": "brew",
      "Version": "1.0-6",
      "Source": "CRAN",
      "Hash": "401994c0c5e1734368be6013317315de"
    },
    "broom": {
      "Package": "broom",
      "Version": "0.7.0",
      "Source": "CRAN",
      "Hash": "4b2020b25cad33bd464f69226e5ad73b"
    },
    "calendar": {
      "Package": "calendar",
      "Version": "0.0.1",
      "Source": "CRAN",
      "Hash": "0780b04a1620ff637acc0c0ae3b86818"
    },
    "callr": {
      "Package": "callr",
      "Version": "3.4.3",
      "Source": "CRAN",
      "Hash": "4ff75717f4f55714e39b77ced5f565d0"
    },
    "catboost": {
      "Package": "catboost",
      "Version": "0.23.2",
      "Source": "url",
      "RemoteType": "url",
      "RemoteUrl": "https://github.com/catboost/catboost/releases/download/v0.23.2/catboost-R-Windows-0.23.2.tgz",
      "Hash": "ed0cac6cacc7c8c285fcb8eb7e5d1d19"
    },
    "cellranger": {
      "Package": "cellranger",
      "Version": "1.1.0",
      "Source": "CRAN",
      "Hash": "fa46d315e791d25fe4d4552a2c2458af"
    },
    "checkmate": {
      "Package": "checkmate",
      "Version": "2.0.0",
      "Source": "CRAN",
      "Hash": "d0b850be590d8e30d66286f471671417"
    },
    "class": {
      "Package": "class",
      "Version": "7.3-17",
      "Source": "CRAN",
      "Hash": "ecc715e321c77452ad67cbef9c0b0a29"
    },
    "classInt": {
      "Package": "classInt",
      "Version": "0.4-3",
      "Source": "CRAN",
      "Hash": "f50dc4e1dd110e47ca38c4b056500f0c"
    },
    "cli": {
      "Package": "cli",
      "Version": "2.0.2",
      "Source": "CRAN",
      "Hash": "4ef5a0cf9e617ec1cb0e9943d380a489"
    },
    "clipr": {
      "Package": "clipr",
      "Version": "0.7.0",
      "Source": "CRAN",
      "Hash": "7f9a204624898aab9b1594bb19e25ed1"
    },
    "clisymbols": {
      "Package": "clisymbols",
      "Version": "1.2.0",
      "Source": "CRAN",
      "Hash": "75057974e8595350408118f69fc6d0e3"
    },
    "cluster": {
      "Package": "cluster",
      "Version": "2.1.0",
      "Source": "CRAN",
      "Hash": "123e23dba810ea0dfd6f0537619ea3dd"
    },
    "codetools": {
      "Package": "codetools",
      "Version": "0.2-16",
      "Source": "CRAN",
      "Hash": "1be92642c1c8d3352fcf7e6cee5bf5f9"
    },
    "coefplot": {
      "Package": "coefplot",
      "Version": "1.2.8",
      "Source": "GitHub",
      "RemoteType": "github",
      "RemoteHost": "api.github.com",
      "RemoteUsername": "jaredlander",
      "RemoteRepo": "coefplot",
      "RemoteRef": "plotly",
      "RemoteSha": "47c408c1a533d93f10f7ac914ad6f9e0a22e9870",
      "Hash": "c0c6ce2fd4681ee052e1f966ff8aabcd"
    },
    "colorspace": {
      "Package": "colorspace",
      "Version": "1.4-1",
      "Source": "CRAN",
      "Hash": "02ea402c2f83489444b41755f2ae0dd8"
    },
    "commonmark": {
      "Package": "commonmark",
      "Version": "1.7",
      "Source": "CRAN",
      "Hash": "0223fb58c32e5e77b963de822e9a5824"
    },
    "config": {
      "Package": "config",
      "Version": "0.3",
      "Source": "CRAN",
      "Hash": "ec9c6b3de91f004a96c58fb08ff8569a"
    },
    "connectapi": {
      "Package": "connectapi",
      "Version": "0.1.0.9014",
      "Source": "GitHub",
      "RemoteType": "github",
      "RemoteHost": "api.github.com",
      "RemoteUsername": "rstudio",
      "RemoteRepo": "connectapi",
      "RemoteRef": "master",
      "RemoteSha": "1dfe85400b2429d29622304a4543444d95ac519f",
      "Hash": "f81c73e965112df196f2d660af7e6c94"
    },
    "countdown": {
      "Package": "countdown",
      "Version": "0.3.5",
      "Source": "GitHub",
      "RemoteType": "github",
      "RemoteHost": "api.github.com",
      "RemoteRepo": "countdown",
      "RemoteUsername": "gadenbuie",
      "RemoteRef": "HEAD",
      "RemoteSha": "a544fa48e2248996002e059ca07ad620d2aec3a8",
      "Hash": "90cc46f544cb61c2db593089d7b58384"
    },
    "covr": {
      "Package": "covr",
      "Version": "3.5.0",
      "Source": "CRAN",
      "Hash": "9357ea91d16ac487677eab2f60e20a89"
    },
    "crayon": {
      "Package": "crayon",
      "Version": "1.3.4",
      "Source": "CRAN",
      "Hash": "4fe720ae1ae43fcf231f0525edb0b134"
    },
    "credentials": {
      "Package": "credentials",
      "Version": "1.3.0",
      "Source": "CRAN",
      "Hash": "467629e3b1de8f2bf264fa0c4dc6ef8a"
    },
    "crosstalk": {
      "Package": "crosstalk",
      "Version": "1.1.0.1",
      "Source": "CRAN",
      "Hash": "110a0ba9f8ae339221f1b054fa45ce24"
    },
    "curl": {
      "Package": "curl",
      "Version": "4.3",
      "Source": "CRAN",
      "Hash": "5168f99143001162086cb407847bc913"
    },
    "data.table": {
      "Package": "data.table",
      "Version": "1.13.0",
      "Source": "CRAN",
      "Hash": "3854e2d2331077eb62b9b184b13e0cad"
    },
    "dbarts": {
      "Package": "dbarts",
      "Version": "0.9-18",
      "Source": "CRAN",
      "Hash": "a2dad969ad5617f37853c88f4b1688f5"
    },
    "dbplyr": {
      "Package": "dbplyr",
      "Version": "1.4.4",
      "Source": "CRAN",
      "Hash": "4420290f099202383b38d34e5af949e5"
    },
    "desc": {
      "Package": "desc",
      "Version": "1.2.0",
      "Source": "CRAN",
      "Hash": "89c4eab4192fd8c44971afa4fd258581"
    },
    "details": {
      "Package": "details",
      "Version": "0.2.1",
      "Source": "CRAN",
      "Hash": "9b664bb2f076d0b9f65be44891d55beb"
    },
    "devtools": {
      "Package": "devtools",
      "Version": "2.3.1",
      "Source": "CRAN",
      "Hash": "920ef017753ae8e2cd1e1bc3178e6550"
    },
    "dials": {
      "Package": "dials",
      "Version": "0.0.8",
      "Source": "CRAN",
      "Hash": "c47d454b5387ace080fabd697721f6ec"
    },
    "digest": {
      "Package": "digest",
      "Version": "0.6.25",
      "Source": "CRAN",
      "Hash": "7f6aa6ca0e75aa2014d7ad9dbe8a1ed4"
    },
    "doFuture": {
      "Package": "doFuture",
      "Version": "0.9.0",
      "Source": "CRAN",
      "Hash": "9b367d627986e5f336bb95b5a44f5a80"
    },
    "doParallel": {
      "Package": "doParallel",
      "Version": "1.0.15",
      "Source": "CRAN",
      "Hash": "6aa145a404e42792a9edf1ea00546bf2"
    },
    "downloader": {
      "Package": "downloader",
      "Version": "0.4",
      "Source": "CRAN",
      "Hash": "5a8c4c4f93ce4b0c4c287aa044e062b4"
    },
    "dplyr": {
      "Package": "dplyr",
      "Version": "1.0.0",
      "Source": "CRAN",
      "Hash": "53077603fdf4c69ce0a2fff15287881c"
    },
    "drake": {
      "Package": "drake",
      "Version": "7.12.4",
      "Source": "CRAN",
      "Hash": "f8a7b1125bc870cc873a35c54abfc654"
    },
    "dygraphs": {
      "Package": "dygraphs",
      "Version": "1.1.1.6",
      "Source": "CRAN",
      "Hash": "523a5c99fab4692f93b9088544160020"
    },
    "e1071": {
      "Package": "e1071",
      "Version": "1.7-3",
      "Source": "CRAN",
      "Hash": "eb36bf83c0075bc30a02fd9ebac03d91"
    },
    "ellipsis": {
      "Package": "ellipsis",
      "Version": "0.3.1",
      "Source": "CRAN",
      "Hash": "af4926e055f9a9944fefb2a2e9025bf1"
    },
    "equatiomatic": {
      "Package": "equatiomatic",
      "Version": "0.1.0",
      "Source": "CRAN",
      "Hash": "9a7580c217c6996ede61ec6805c69e6b"
    },
    "evaluate": {
      "Package": "evaluate",
      "Version": "0.14",
      "Source": "CRAN",
      "Hash": "e6ef7864d8f0c57609987086f9d17b4d"
    },
    "fansi": {
      "Package": "fansi",
      "Version": "0.4.1",
      "Source": "CRAN",
      "Hash": "25063d1b28ce9188a98f27b321a78b14"
    },
    "farver": {
      "Package": "farver",
      "Version": "2.0.3",
      "Source": "CRAN",
      "Hash": "95810ba851c1a90f80cd2fe8552f285f"
    },
    "fastmatch": {
      "Package": "fastmatch",
      "Version": "1.1-0",
      "Source": "CRAN",
      "Hash": "7e65448a387e0d887fc6973fe4490a06"
    },
    "filelock": {
      "Package": "filelock",
      "Version": "1.0.2",
      "Source": "CRAN",
      "Hash": "2da9bf3ef5271dc0dd9433061fb5ce06"
    },
    "forcats": {
      "Package": "forcats",
      "Version": "0.5.0",
      "Source": "CRAN",
      "Hash": "c0c8cb8ed396c805e24aa577d11e1271"
    },
    "foreach": {
      "Package": "foreach",
      "Version": "1.5.0",
      "Source": "CRAN",
      "Hash": "954b1da7860e4d2c4b35c2958fb4edca"
    },
    "foreign": {
      "Package": "foreign",
      "Version": "0.8-80",
      "Source": "CRAN",
      "Hash": "33c1a486737448c4900eea9d3644d715"
    },
    "formattable": {
      "Package": "formattable",
      "Version": "0.2.0.1",
      "Source": "CRAN",
      "Hash": "706c5edd4bf342ebe17fbbd82e5a318e"
    },
    "fs": {
      "Package": "fs",
      "Version": "1.4.2",
      "Source": "CRAN",
      "Hash": "5938ea61d5186a685e1b782ae6f28400"
    },
    "furrr": {
      "Package": "furrr",
      "Version": "0.1.0",
      "Source": "CRAN",
      "Hash": "534a015ef20176faa0f6262a53a4c8cb"
    },
    "future": {
      "Package": "future",
      "Version": "1.18.0",
      "Source": "CRAN",
      "Hash": "d1305ac3f95ff88585e91952a7410559"
    },
    "gargle": {
      "Package": "gargle",
      "Version": "0.5.0",
      "Source": "CRAN",
      "Hash": "0abbeb011df4fc9ef2af914cf90d42a8"
    },
    "gbm": {
      "Package": "gbm",
      "Version": "2.1.8",
      "Source": "CRAN",
      "Hash": "f4fc342b55493ea85e16f52a130cbcc5"
    },
    "generics": {
      "Package": "generics",
      "Version": "0.0.2",
      "Source": "CRAN",
      "Hash": "b9a2f26d2f7ac0f2639f573803067b85"
    },
    "geojsonsf": {
      "Package": "geojsonsf",
      "Version": "2.0.0",
      "Source": "CRAN",
      "Hash": "5270135cf48534208d6eb772acfe20f3"
    },
    "ggbeeswarm": {
      "Package": "ggbeeswarm",
      "Version": "0.6.0",
      "Source": "CRAN",
      "Hash": "3abfe703f3045e86f969d4334ec4383c"
    },
    "ggfortify": {
      "Package": "ggfortify",
      "Version": "0.4.10",
      "Source": "CRAN",
      "Hash": "089dfb8be303e642bc8cff48cbddfae8"
    },
    "ggplot2": {
      "Package": "ggplot2",
      "Version": "3.3.2",
      "Source": "CRAN",
      "Hash": "a36f5c96911cf087149d22d2b8d230e4"
    },
    "ggrepel": {
      "Package": "ggrepel",
      "Version": "0.8.2",
      "Source": "CRAN",
      "Hash": "3cbedaa4dba47d89e9b64861292f8460"
    },
    "ggridges": {
      "Package": "ggridges",
      "Version": "0.5.2",
      "Source": "CRAN",
      "Hash": "ae9ef954ec82d4a42bb192348cbed0bb"
    },
    "ggthemes": {
      "Package": "ggthemes",
      "Version": "4.2.0",
      "Source": "CRAN",
      "Hash": "34e0073f4eb3a1e53277105da2fada3c"
    },
    "gh": {
      "Package": "gh",
      "Version": "1.1.0",
      "Source": "CRAN",
      "Hash": "4b47eb203c214d0e0d68010ea2068b86"
    },
    "git2r": {
      "Package": "git2r",
      "Version": "0.27.1",
      "Source": "CRAN",
      "Hash": "38d8c381ab2d4d87fe7add3fc4eeddd0"
    },
    "glmnet": {
      "Package": "glmnet",
      "Version": "4.0-2",
      "Source": "CRAN",
      "Hash": "e6b4ee614b654bc0af87e389ed360ca8"
    },
    "globals": {
      "Package": "globals",
      "Version": "0.12.5",
      "Source": "CRAN",
      "Hash": "47f896b9ce0c6c8340b49ba1371191bb"
    },
    "glue": {
      "Package": "glue",
      "Version": "1.4.1",
      "Source": "CRAN",
      "Hash": "9a6df066d1f296f8954d2561d997acd8"
    },
    "gmp": {
      "Package": "gmp",
      "Version": "0.6-0",
      "Source": "CRAN",
      "Hash": "971631398b1fa7b82daee1e46063a1cc"
    },
    "googledrive": {
      "Package": "googledrive",
      "Version": "1.0.1",
      "Source": "CRAN",
      "Hash": "bad57b82d851c101da0c57bc2a7605b1"
    },
    "gower": {
      "Package": "gower",
      "Version": "0.2.2",
      "Source": "CRAN",
      "Hash": "ba02dde05d31053f9dd32a1bd6707f6e"
    },
    "gridExtra": {
      "Package": "gridExtra",
      "Version": "2.3",
      "Source": "CRAN",
      "Hash": "ec4da72dc7728c2b3a8341d134e275f8"
    },
    "gt": {
      "Package": "gt",
      "Version": "0.2.1",
      "Source": "CRAN",
      "Hash": "6db24cf69d5b40cbe287a670fdf66431"
    },
    "gtable": {
      "Package": "gtable",
      "Version": "0.3.0",
      "Source": "CRAN",
      "Hash": "fa709b5ea7777926d9e9d59f6fec79c8"
    },
    "hardhat": {
      "Package": "hardhat",
      "Version": "0.1.4",
      "Source": "CRAN",
      "Hash": "67554e6644a4ebde998c58069eb444ca"
    },
    "here": {
      "Package": "here",
      "Version": "0.1",
      "Source": "CRAN",
      "Hash": "a1ddec7e5d8767e5c078bc4241cd8094"
    },
    "hexbin": {
      "Package": "hexbin",
      "Version": "1.28.1",
      "Source": "CRAN",
      "Hash": "48ed448746ff3e74dd624e3e22ad95d3"
    },
    "highr": {
      "Package": "highr",
      "Version": "0.8",
      "Source": "CRAN",
      "Hash": "3b5c00fb5d2852db3375d964dbf677f3"
    },
    "hms": {
      "Package": "hms",
      "Version": "0.5.3",
      "Source": "CRAN",
      "Hash": "cb944955a2b3d0dd120ff3889efebd8f"
    },
    "htmltools": {
      "Package": "htmltools",
      "Version": "0.5.0",
      "Source": "CRAN",
      "Hash": "abf3e9d8a07bf6c669f24df5a7a5658a"
    },
    "htmlwidgets": {
      "Package": "htmlwidgets",
      "Version": "1.5.1",
      "Source": "CRAN",
      "Hash": "406311df5f501bb00aeac2b5b6d28ca5"
    },
    "httpuv": {
      "Package": "httpuv",
      "Version": "1.5.4",
      "Source": "CRAN",
      "Hash": "a118ce8b23b43ac729d26d17348c5631"
    },
    "httr": {
      "Package": "httr",
      "Version": "1.4.1",
      "Source": "CRAN",
      "Hash": "c3ba4f84196c862b35f05a5db444cb3d"
    },
    "igraph": {
      "Package": "igraph",
      "Version": "1.2.5",
      "Source": "CRAN",
      "Hash": "2cbff7b13175f5942199daa57051459c"
    },
    "influenceR": {
      "Package": "influenceR",
      "Version": "0.1.0",
      "Source": "CRAN",
      "Hash": "7683c190ef2812535c5f8f508eea76f6"
    },
    "ini": {
      "Package": "ini",
      "Version": "0.3.1",
      "Source": "CRAN",
      "Hash": "66ca8a19456c7478974f3ee947f1a48f"
    },
    "inum": {
      "Package": "inum",
      "Version": "1.0-1",
      "Source": "CRAN",
      "Hash": "48a5eb29c1225b6ab653ed53fde76079"
    },
    "ipred": {
      "Package": "ipred",
      "Version": "0.9-9",
      "Source": "CRAN",
      "Hash": "8310cadd78961ecf0ef80b336cc1601e"
    },
    "isoband": {
      "Package": "isoband",
      "Version": "0.2.2",
      "Source": "CRAN",
      "Hash": "e108d557dc1b4b52cf841ba98bc5dba1"
    },
    "iterators": {
      "Package": "iterators",
      "Version": "1.0.12",
      "Source": "CRAN",
      "Hash": "cffb40357d80dab0d07454c339183916"
    },
    "janitor": {
      "Package": "janitor",
      "Version": "2.0.1",
      "Source": "CRAN",
      "Hash": "d54816315e3feb9f74b6368be162ad71"
    },
    "jsonify": {
      "Package": "jsonify",
      "Version": "1.2.1",
      "Source": "CRAN",
      "Hash": "89ad35b1bfc408456967673c579c86f9"
    },
    "jsonlite": {
      "Package": "jsonlite",
      "Version": "1.7.0",
      "Source": "CRAN",
      "Hash": "575ae935893ff3c18932a75e8e8e68cc"
    },
    "knitr": {
      "Package": "knitr",
      "Version": "1.29",
      "Source": "CRAN",
      "Hash": "5495325ca3941d52d0538916b2d10665"
    },
    "labeling": {
      "Package": "labeling",
      "Version": "0.3",
      "Source": "CRAN",
      "Hash": "58803cd6cb25f225c7e0753ba3060d7c"
    },
    "later": {
      "Package": "later",
      "Version": "1.1.0.1",
      "Source": "CRAN",
      "Hash": "efe056a730f8661815b404e280138c36"
    },
    "lattice": {
      "Package": "lattice",
      "Version": "0.20-41",
      "Source": "CRAN",
      "Hash": "c6512156f126b3ac34da0dddd342d346"
    },
    "lava": {
      "Package": "lava",
      "Version": "1.6.7",
      "Source": "CRAN",
      "Hash": "689e8e32018ec422e9ac35ac08dd74d3"
    },
    "lazyeval": {
      "Package": "lazyeval",
      "Version": "0.2.2",
      "Source": "CRAN",
      "Hash": "388e621e8b68b9be8f30caee7abf79e0"
    },
    "leafgl": {
      "Package": "leafgl",
      "Version": "0.1.1",
      "Source": "CRAN",
      "Hash": "48657d048465c61bbd8991c6c97b48cc"
    },
    "leaflet": {
      "Package": "leaflet",
      "Version": "2.0.3",
      "Source": "CRAN",
      "Hash": "3402340c69984ac7f5ef956b939d7150"
    },
    "leaflet.extras": {
      "Package": "leaflet.extras",
      "Version": "1.0.0",
      "Source": "CRAN",
      "Hash": "0a841a9a8ac7260e6e37de139c04951f"
    },
    "leaflet.providers": {
      "Package": "leaflet.providers",
      "Version": "1.9.0",
      "Source": "CRAN",
      "Hash": "b07034d8951402bd163e931683b3f267"
    },
    "lhs": {
      "Package": "lhs",
      "Version": "1.0.2",
      "Source": "CRAN",
      "Hash": "3b4888443986088a9073983593e4355c"
    },
    "libcoin": {
      "Package": "libcoin",
      "Version": "1.0-5",
      "Source": "CRAN",
      "Hash": "9c2d092cab645cc542f5549e46fa3473"
    },
    "lifecycle": {
      "Package": "lifecycle",
      "Version": "0.2.0",
      "Source": "CRAN",
      "Hash": "1f41b363fb94a2db01a1a1b97d796f55"
    },
    "lightgbm": {
      "Package": "lightgbm",
      "Version": "3.0.0-1",
      "Source": "unknown",
      "Hash": "f8587b5febf3b0c3750aea0d4d99da73"
    },
    "listenv": {
      "Package": "listenv",
      "Version": "0.8.0",
      "Source": "CRAN",
      "Hash": "8d44d038f834c209982e8add303fcc22"
    },
    "lme4": {
      "Package": "lme4",
      "Version": "1.1-23",
      "Source": "CRAN",
      "Hash": "6b38c7061495b3db1c5da6bf9f2f4bd6"
    },
    "lobstr": {
      "Package": "lobstr",
      "Version": "1.1.1",
      "Source": "CRAN",
      "Hash": "2998a88db3d97b18f7c31df27d05acb8"
    },
    "lubridate": {
      "Package": "lubridate",
      "Version": "1.7.9",
      "Source": "CRAN",
      "Hash": "fea1ff2163bbe9538f010c8117a814a9"
    },
    "magrittr": {
      "Package": "magrittr",
      "Version": "1.5",
      "Source": "CRAN",
      "Hash": "c7f13848b0679292077bc7997d930862"
    },
    "markdown": {
      "Package": "markdown",
      "Version": "1.1",
      "Source": "CRAN",
      "Hash": "ac81b4e204459c357e029234b460ad9c"
    },
    "memoise": {
      "Package": "memoise",
      "Version": "1.1.0",
      "Source": "CRAN",
      "Hash": "c22bd32e67eb90dd2380d12bfd511343"
    },
    "mgcv": {
      "Package": "mgcv",
      "Version": "1.8-31",
      "Source": "CRAN",
      "Hash": "56c0a03e696f2d6e897883302d602878"
    },
    "mime": {
      "Package": "mime",
      "Version": "0.9",
      "Source": "CRAN",
      "Hash": "e1c7e9396886f6fe292a0c26a9821442"
    },
    "minqa": {
      "Package": "minqa",
      "Version": "1.2.4",
      "Source": "CRAN",
      "Hash": "46080abfdf2e4e4a3ecb8ae1b3e7ec1b"
    },
    "mlr": {
      "Package": "mlr",
      "Version": "2.17.1",
      "Source": "CRAN",
      "Hash": "a76fc0095f7cdaa156d9348c7f60f580"
    },
    "modeldata": {
      "Package": "modeldata",
      "Version": "0.0.2",
      "Source": "CRAN",
      "Hash": "98b518a1f2b620dc06590164e3d7623d"
    },
    "munsell": {
      "Package": "munsell",
      "Version": "0.5.0",
      "Source": "CRAN",
      "Hash": "a9d583ff02b928a859b6154aeb108d68"
    },
    "mvtnorm": {
      "Package": "mvtnorm",
      "Version": "1.1-1",
      "Source": "CRAN",
      "Hash": "c3d569de11a47f0f2c836147d357bea3"
    },
    "nanotime": {
      "Package": "nanotime",
      "Version": "0.3.0",
      "Source": "CRAN",
      "Hash": "f10f7a5bd480d3253e9ef28ca8cd581b"
    },
    "nlme": {
      "Package": "nlme",
      "Version": "3.1-148",
      "Source": "CRAN",
      "Hash": "844b87bf8151a7e11a5a5ec5d8cafecb"
    },
    "nloptr": {
      "Package": "nloptr",
      "Version": "1.2.2.2",
      "Source": "CRAN",
      "Hash": "95ef2ff588c7c7b91db2c572a5ebd586"
    },
    "nnet": {
      "Package": "nnet",
      "Version": "7.3-14",
      "Source": "CRAN",
      "Hash": "43cb48a90072f374f3df06f8678d4a6e"
    },
    "numDeriv": {
      "Package": "numDeriv",
      "Version": "2016.8-1.1",
      "Source": "CRAN",
      "Hash": "e76f90a0eb3677ab8efac7df59844b08"
    },
    "omdbapi": {
      "Package": "omdbapi",
      "Version": "0.3.0",
      "Source": "GitHub",
      "RemoteType": "github",
      "RemoteHost": "api.github.com",
      "RemoteUsername": "hrbrmstr",
      "RemoteRepo": "omdbapi",
      "RemoteRef": "master",
      "RemoteSha": "593775319bc8ce1ad004e3a20a73369fd98247b2",
      "Hash": "92d4556f4fa7b5f2340c00977c985f09"
    },
    "openssl": {
      "Package": "openssl",
      "Version": "1.4.2",
      "Source": "CRAN",
      "Hash": "90b3956d3f0b35d6aa11f3da556bdfe8"
    },
    "osqp": {
      "Package": "osqp",
      "Version": "0.6.0.3",
      "Source": "CRAN",
      "Hash": "5a8204888606ba9e304f76edd56ea9d4"
    },
    "pROC": {
      "Package": "pROC",
      "Version": "1.16.2",
      "Source": "CRAN",
      "Hash": "ce683616ff6f3c2a1584dcc13f2d2353"
    },
    "parallelMap": {
      "Package": "parallelMap",
      "Version": "1.5.0",
      "Source": "CRAN",
      "Hash": "660d1f43e2ea93450408866c7de8cc72"
    },
    "parsnip": {
      "Package": "parsnip",
      "Version": "0.1.2",
      "Source": "CRAN",
      "Hash": "9bfab0499596aa781a48ce97324ee0c6"
    },
    "parttree": {
      "Package": "parttree",
      "Version": "0.0.0.9000",
      "Source": "GitHub",
      "RemoteType": "github",
      "RemoteHost": "api.github.com",
      "RemoteRepo": "parttree",
      "RemoteUsername": "grantmcdermott",
      "RemoteRef": "master",
      "RemoteSha": "3c872212bd3545383599a498985b7adb02d5decf",
      "Hash": "e9cc5b9b4178642e9f96c0b42b8f73eb"
    },
    "partykit": {
      "Package": "partykit",
      "Version": "1.2-9",
      "Source": "CRAN",
      "Hash": "dbed9d9e59d3cc44591952b9fe0394bd"
    },
    "patchwork": {
      "Package": "patchwork",
      "Version": "1.0.1",
      "Source": "CRAN",
      "Hash": "35db5d0432933f72f50181b75487ea85"
    },
    "piggyback": {
      "Package": "piggyback",
      "Version": "0.0.11",
      "Source": "CRAN",
      "Hash": "f412f1fb54f2ad9adbbad34b1d705664"
    },
    "pillar": {
      "Package": "pillar",
      "Version": "1.4.6",
      "Source": "CRAN",
      "Hash": "5b2f2335113f3b5c0e6896bbb63d7c1c"
    },
    "pkgbuild": {
      "Package": "pkgbuild",
      "Version": "1.1.0",
      "Source": "CRAN",
      "Hash": "97859548a616f215d8cda3183f2e25ca"
    },
    "pkgconfig": {
      "Package": "pkgconfig",
      "Version": "2.0.3",
      "Source": "CRAN",
      "Hash": "6eaefb4637ce9b5156dc4e3d1701432f"
    },
    "pkgload": {
      "Package": "pkgload",
      "Version": "1.1.0",
      "Source": "CRAN",
      "Hash": "64517a7bd4e736d7a804e813db1d057c"
    },
    "plogr": {
      "Package": "plogr",
      "Version": "0.2.0",
      "Source": "CRAN",
      "Hash": "68f98847692c8551d05538ca9cdba6e1"
    },
    "plotly": {
      "Package": "plotly",
      "Version": "4.9.2.1",
      "Source": "CRAN",
      "Hash": "6abd5e0f2be85fbe828a318309b4db03"
    },
    "plyr": {
      "Package": "plyr",
      "Version": "1.8.6",
      "Source": "CRAN",
      "Hash": "582eebdea54cacf5697f995ab09e361b"
    },
    "png": {
      "Package": "png",
      "Version": "0.1-7",
      "Source": "CRAN",
      "Hash": "7bad01554dda4a8b1f073232104eadb2"
    },
    "praise": {
      "Package": "praise",
      "Version": "1.0.0",
      "Source": "CRAN",
      "Hash": "d8a7913dd0d845481ec07407f2b76eca"
    },
    "prettyunits": {
      "Package": "prettyunits",
      "Version": "1.1.1",
      "Source": "CRAN",
      "Hash": "a57bdb5d88e6e60bc67f493c9b49f44b"
    },
    "processx": {
      "Package": "processx",
      "Version": "3.4.3",
      "Source": "CRAN",
      "Hash": "a87339be9efc439faba5b7fb6e45e956"
    },
    "prodlim": {
      "Package": "prodlim",
      "Version": "2019.11.13",
      "Source": "CRAN",
      "Hash": "70f3181c4f02b5ff3fecd900b6549f4d"
    },
    "profmem": {
      "Package": "profmem",
      "Version": "0.5.0",
      "Source": "CRAN",
      "Hash": "5f1393477a29745d17d6b47381c3438b"
    },
    "progress": {
      "Package": "progress",
      "Version": "1.2.2",
      "Source": "CRAN",
      "Hash": "0568f608546bb3a5718b4116b1a9c631"
    },
    "promises": {
      "Package": "promises",
      "Version": "1.1.1",
      "Source": "CRAN",
      "Hash": "473d8d8c085bec65c272d197f693ec98"
    },
    "ps": {
      "Package": "ps",
      "Version": "1.3.3",
      "Source": "CRAN",
      "Hash": "e6299c61fe35582db29ba1d462518df0"
    },
    "purrr": {
      "Package": "purrr",
      "Version": "0.3.4",
      "Source": "CRAN",
      "Hash": "3bf617c0cf7cb69c5a5b2cc6bc3662a4"
    },
    "randomForest": {
      "Package": "randomForest",
      "Version": "4.6-14",
      "Source": "CRAN",
      "Hash": "aa22860b318688ab8e48ebe07540a08f"
    },
    "ranger": {
      "Package": "ranger",
      "Version": "0.12.1",
      "Source": "CRAN",
      "Hash": "87592320f916e9da0c8501774dadb5b2"
    },
    "rapidjsonr": {
      "Package": "rapidjsonr",
      "Version": "1.2.0",
      "Source": "CRAN",
      "Hash": "a788fff043396cf636083c9cd615b471"
    },
    "raster": {
      "Package": "raster",
      "Version": "3.3-13",
      "Source": "CRAN",
      "Hash": "e7225e7ed8153a7287995419d9e20ca9"
    },
    "rcmdcheck": {
      "Package": "rcmdcheck",
      "Version": "1.3.3",
      "Source": "CRAN",
      "Hash": "a3b50479926162d3182abe3ea33f66ac"
    },
    "readr": {
      "Package": "readr",
      "Version": "1.3.1",
      "Source": "CRAN",
      "Hash": "42575b9fe84c1426a04ca379b6ee4f24"
    },
    "readxl": {
      "Package": "readxl",
      "Version": "1.3.1",
      "Source": "CRAN",
      "Hash": "5d7048d46dfd777953977d3a8c8af377"
    },
    "recipes": {
      "Package": "recipes",
      "Version": "0.1.13",
      "Source": "CRAN",
      "Hash": "6d0de0be4ae44490743b83b381cc7b5d"
    },
    "rematch": {
      "Package": "rematch",
      "Version": "1.0.1",
      "Source": "CRAN",
      "Hash": "828518569c6c37575cf87ac5c3d80a40"
    },
    "rematch2": {
      "Package": "rematch2",
      "Version": "2.1.2",
      "Source": "CRAN",
      "Hash": "ef1b1c56ce4966e2aab14d0b13b6c1cf"
    },
    "remotes": {
      "Package": "remotes",
      "Version": "2.2.0",
      "Source": "CRAN",
      "Hash": "617ccb1c85488c6d918df4026ead9bf2"
    },
    "renv": {
      "Package": "renv",
      "Version": "0.7.0-21",
      "Source": "CRAN",
      "Hash": "e0bf249639ccd9118c92e72fa5aacc6b"
    },
    "repr": {
      "Package": "repr",
      "Version": "1.1.0",
      "Source": "CRAN",
      "Hash": "b86310f685cc68e965a7bdcb76b6116a"
    },
    "reshape": {
      "Package": "reshape",
      "Version": "0.8.8",
      "Source": "CRAN",
      "Hash": "7850e29d28af7d97111dff28147389b2"
    },
    "reshape2": {
      "Package": "reshape2",
      "Version": "1.4.4",
      "Source": "CRAN",
      "Hash": "8d073683b53867affc30057dc8d04062"
    },
    "resumer": {
      "Package": "resumer",
      "Version": "0.0.3",
      "Source": "unknown",
      "Hash": "b92438e8ecf8a34e3db0e13a743b2fae"
    },
    "rex": {
      "Package": "rex",
      "Version": "1.2.0",
      "Source": "CRAN",
      "Hash": "e77a7e8f34b8f5a073a757d14c02085c"
    },
    "rgdal": {
      "Package": "rgdal",
      "Version": "1.5-16",
      "Source": "CRAN",
      "Hash": "1786d2704144bf09a311a9d83a4fa6fd"
    },
    "rlang": {
      "Package": "rlang",
      "Version": "0.4.7",
      "Source": "CRAN",
      "Hash": "55a8505e24ce01424209574e3788e896"
    },
    "rmarkdown": {
      "Package": "rmarkdown",
      "Version": "2.3",
      "Source": "CRAN",
      "Hash": "1b9d88d5285a1248d067183be8a5abb0"
    },
    "roxygen2": {
      "Package": "roxygen2",
      "Version": "7.1.1",
      "Source": "CRAN",
      "Hash": "594811acd634b0729c44be86359ba960"
    },
    "rpart": {
      "Package": "rpart",
      "Version": "4.1-15",
      "Source": "CRAN",
      "Hash": "2f445dad528358acefa73e8d3fd47dec"
    },
    "rpart.plot": {
      "Package": "rpart.plot",
      "Version": "3.0.8",
      "Source": "CRAN",
      "Hash": "9a8c5cc94a5cd12ab8f1ed09655905f4"
    },
    "rprojroot": {
      "Package": "rprojroot",
      "Version": "1.3-2",
      "Source": "CRAN",
      "Hash": "61622cfeddac1d31dfcdf60b4f8dfd58"
    },
    "rsample": {
      "Package": "rsample",
      "Version": "0.0.7",
      "Source": "CRAN",
      "Hash": "8f6ddf37c20073c024bc6cf560e2ed2e"
    },
    "rstudioapi": {
      "Package": "rstudioapi",
      "Version": "0.11",
      "Source": "CRAN",
      "Hash": "be1d49465d689f277ab9705212fd5c3e"
    },
    "rversions": {
      "Package": "rversions",
      "Version": "2.0.2",
      "Source": "CRAN",
      "Hash": "2bbfe148fff986bb791a44f80db09bed"
    },
    "rvest": {
      "Package": "rvest",
      "Version": "0.3.6",
      "Source": "CRAN",
      "Hash": "65f05b4fea2cd29b2b66ff0496f2f29c"
    },
    "sass": {
      "Package": "sass",
      "Version": "0.2.0",
      "Source": "CRAN",
      "Hash": "fa6fff90f7bf97c9e9a95f33bb9b10a7"
    },
    "scales": {
      "Package": "scales",
      "Version": "1.1.1",
      "Source": "CRAN",
      "Hash": "780de75dd3da899d4330da9040b8a131"
    },
    "scs": {
      "Package": "scs",
      "Version": "1.3-2",
      "Source": "CRAN",
      "Hash": "2f9e33470a245932b77971a01eb41a19"
    },
    "selectr": {
      "Package": "selectr",
      "Version": "0.4-2",
      "Source": "CRAN",
      "Hash": "9ba6b06a26f4a9fa92d40d07e56c5a5c"
    },
    "servr": {
      "Package": "servr",
      "Version": "0.18",
      "Source": "CRAN",
      "Hash": "a7a5511c778abbbe618401321b64280f"
    },
    "sessioninfo": {
      "Package": "sessioninfo",
      "Version": "1.1.1",
      "Source": "CRAN",
      "Hash": "6f0abeccff9dd9801e9bb69797e55291"
    },
    "sf": {
      "Package": "sf",
      "Version": "0.9-5",
      "Source": "CRAN",
      "Hash": "0a5518bf4eb742b1cb04da54baa8b16c"
    },
    "sfheaders": {
      "Package": "sfheaders",
      "Version": "0.2.2",
      "Source": "CRAN",
      "Hash": "05b99405064995eea278b67fd156062d"
    },
    "shape": {
      "Package": "shape",
      "Version": "1.4.4",
      "Source": "CRAN",
      "Hash": "b95ef229356c93f81fcec0545dae1345"
    },
    "skimr": {
      "Package": "skimr",
      "Version": "2.1.2",
      "Source": "CRAN",
      "Hash": "973d64e245c0285970d5814d8d1263bf"
    },
    "snakecase": {
      "Package": "snakecase",
      "Version": "0.11.0",
      "Source": "CRAN",
      "Hash": "c8f3da7c5f96b62d63104aa56eba0369"
    },
    "sp": {
      "Package": "sp",
      "Version": "1.4-2",
      "Source": "CRAN",
      "Hash": "68c2a99b3f25a117f51e20d6efac0d02"
    },
    "spatial": {
      "Package": "spatial",
      "Version": "7.3-12",
      "Source": "CRAN",
      "Hash": "638305ba9b11849cdf559a21b80ba5f1"
    },
    "ssh": {
      "Package": "ssh",
      "Version": "0.7.0",
      "Source": "CRAN",
      "Hash": "570b6f3a2a09e4f48e6fd7a9a296d561"
    },
    "statmod": {
      "Package": "statmod",
      "Version": "1.4.34",
      "Source": "CRAN",
      "Hash": "a452f12bdea9a252e50d4fd6f52c7d9b"
    },
    "storr": {
      "Package": "storr",
      "Version": "1.2.1",
      "Source": "CRAN",
      "Hash": "41329743c7afd67df856c3e458e81674"
    },
    "stringi": {
      "Package": "stringi",
      "Version": "1.4.6",
      "Source": "CRAN",
      "Hash": "fc4aacb0eab2d3e87e3ca885747d41d1"
    },
    "stringr": {
      "Package": "stringr",
      "Version": "1.4.0",
      "Source": "CRAN",
      "Hash": "b976506834098fd4d288662651beb219"
    },
    "survival": {
      "Package": "survival",
      "Version": "3.1-12",
      "Source": "CRAN",
      "Hash": "2bb9dd5f714e7130464549e244e37118"
    },
    "sys": {
      "Package": "sys",
      "Version": "3.3",
      "Source": "CRAN",
      "Hash": "3e0326b3ffaad5aaa76ff8e84535aa9b"
    },
    "targets": {
      "Package": "targets",
      "Version": "0.0.0.9000",
      "Source": "GitHub",
      "RemoteType": "github",
      "RemoteHost": "api.github.com",
      "RemoteRepo": "targets",
      "RemoteUsername": "wlandau",
      "RemoteRef": "HEAD",
      "RemoteSha": "557e37cc90ace0076b1a9cece8f4f082fae0f368",
      "Hash": "8e38b4a55c173ae12bf4eac375146576"
    },
    "testthat": {
      "Package": "testthat",
      "Version": "2.3.2",
      "Source": "CRAN",
      "Hash": "db15334639af3798a5a895fee08f9e2e"
    },
    "themis": {
      "Package": "themis",
      "Version": "0.1.1",
      "Source": "CRAN",
      "Hash": "27dc902b9a3d5f5bb428e866db626d71"
    },
    "threejs": {
      "Package": "threejs",
      "Version": "0.3.3",
      "Source": "CRAN",
      "Hash": "a194748bb1b01c95f8af560ff7584e2f"
    },
    "tibble": {
      "Package": "tibble",
      "Version": "3.0.3",
      "Source": "CRAN",
      "Hash": "a2a193c4a0ee08addcc3bbb1f5ad772c"
    },
    "tidyr": {
      "Package": "tidyr",
      "Version": "1.1.0",
      "Source": "CRAN",
      "Hash": "aa7243814250277f1735bf380e16f60f"
    },
    "tidyselect": {
      "Package": "tidyselect",
      "Version": "1.1.0",
      "Source": "CRAN",
      "Hash": "4cb4bb6a0451d326e9d9d7af03a088ea"
    },
    "timeDate": {
      "Package": "timeDate",
      "Version": "3043.102",
      "Source": "CRAN",
      "Hash": "a553528264da5b188b6ebe9745b68666"
    },
    "tinytex": {
      "Package": "tinytex",
      "Version": "0.24",
      "Source": "CRAN",
      "Hash": "aeeb0c973df3aeddc38ed729235e2f2b"
    },
    "tune": {
      "Package": "tune",
      "Version": "0.1.1",
      "Source": "CRAN",
      "Hash": "6af6bf02ac29731fa923be683ed9b00d"
    },
    "txtq": {
      "Package": "txtq",
      "Version": "0.2.3",
      "Source": "CRAN",
      "Hash": "dd45463fac2524afaa80f83c1eb94a84"
    },
    "unbalanced": {
      "Package": "unbalanced",
      "Version": "2.0",
      "Source": "CRAN",
      "Hash": "29ba4277c68a76addb7eacf986cc3143"
    },
    "units": {
      "Package": "units",
      "Version": "0.6-7",
      "Source": "CRAN",
      "Hash": "803e4a25e9b1f02c568ba88d7c40c758"
    },
    "useful": {
      "Package": "useful",
      "Version": "1.2.6",
      "Source": "CRAN",
      "Hash": "50042ffa14db08c705b09a74032b8712"
    },
    "usethis": {
      "Package": "usethis",
      "Version": "1.6.1",
      "Source": "CRAN",
      "Hash": "a8fa522e408856443137eecd19cd677d"
    },
    "utf8": {
      "Package": "utf8",
      "Version": "1.1.4",
      "Source": "CRAN",
      "Hash": "ba5f3fc758b225407e3e7afbb4513e47"
    },
    "uuid": {
      "Package": "uuid",
      "Version": "0.1-4",
      "Source": "CRAN",
      "Hash": "ded74e28a964e89af5de28da2d27d9a5"
    },
    "vctrs": {
      "Package": "vctrs",
      "Version": "0.3.2",
      "Source": "CRAN",
      "Hash": "99e3a6919189dcbeb5e890fa39f12f94"
    },
    "vip": {
      "Package": "vip",
      "Version": "0.2.2",
      "Source": "CRAN",
      "Hash": "11aa1f5a82da5aefd34245bdd91144d9"
    },
    "vipor": {
      "Package": "vipor",
      "Version": "0.4.5",
      "Source": "CRAN",
      "Hash": "c3de1b7cb93ac7851c871fc0aef76558"
    },
    "viridis": {
      "Package": "viridis",
      "Version": "0.5.1",
      "Source": "CRAN",
      "Hash": "3ffe0c4626dffdb5f5c4dc459bc87b2c"
    },
    "viridisLite": {
      "Package": "viridisLite",
      "Version": "0.3.0",
      "Source": "CRAN",
      "Hash": "d4fcb2d4f93e17c5e4a0eab0671cdaa5"
    },
    "visNetwork": {
      "Package": "visNetwork",
      "Version": "2.0.9",
      "Source": "CRAN",
      "Hash": "73628d2e46be57f252b294eb0e70e38c"
    },
    "whisker": {
      "Package": "whisker",
      "Version": "0.4",
      "Source": "CRAN",
      "Hash": "760b9570cb965c90505d15006b6fa202"
    },
    "withr": {
      "Package": "withr",
      "Version": "2.2.0",
      "Source": "CRAN",
      "Hash": "a3b93c33c994b629b2c4ddc71adba64b"
    },
    "workflows": {
      "Package": "workflows",
      "Version": "0.1.2",
      "Source": "CRAN",
      "Hash": "f7c298a71619aaec50603ef8563cf384"
    },
    "xaringan": {
      "Package": "xaringan",
      "Version": "0.17.3",
      "Source": "GitHub",
      "RemoteType": "github",
      "RemoteHost": "api.github.com",
      "RemoteRepo": "xaringan",
      "RemoteUsername": "yihui",
      "RemoteRef": "HEAD",
      "RemoteSha": "a6eeb3b5d6118abd546d6556d725e7ec061c615e",
      "Hash": "f6abe1e2794bdeb99c60da91a1c82956"
    },
    "xfun": {
      "Package": "xfun",
      "Version": "0.18",
      "Source": "CRAN",
      "Hash": "ad378154f33755e03b826ae53826063a"
    },
    "xgboost": {
      "Package": "xgboost",
      "Version": "1.1.1.1",
      "Source": "CRAN",
      "Hash": "f7ca708c19270bc054bcfe7f7af23c87"
    },
    "xml2": {
      "Package": "xml2",
      "Version": "1.3.2",
      "Source": "CRAN",
      "Hash": "cc686b64c38c9fe9711cda0fe18ff1bf"
    },
    "xopen": {
      "Package": "xopen",
      "Version": "1.0.0",
      "Source": "CRAN",
      "Hash": "d98f6b83edd0da25d7d1eac2b7779e50"
    },
    "xts": {
      "Package": "xts",
      "Version": "0.12-0",
      "Source": "CRAN",
      "Hash": "b60483486dc596c8acbf87d941480fdf"
    },
    "yaml": {
      "Package": "yaml",
      "Version": "2.2.1",
      "Source": "CRAN",
      "Hash": "7a8b0932a410ef7cd5ee338d2d991e35"
    },
    "yardstick": {
      "Package": "yardstick",
      "Version": "0.0.7",
      "Source": "CRAN",
      "Hash": "b343bcf7da40b19d0685bc658e2ccb3f"
    },
    "zoo": {
      "Package": "zoo",
      "Version": "1.8-8",
      "Source": "CRAN",
      "Hash": "3be3614702c3c8bbf3bfc44960d8892b"
    }
  }
}
