{
  "renv": {
    "Version": "0.7.0-21"
  },
  "R": {
    "Version": "3.6.1",
    "Repositories": [
      {
        "Name": "CRAN",
        "URL": "https://cran.rstudio.com"
      }
    ]
  },
  "Packages": {
    "AmesHousing": {
      "Package": "AmesHousing",
      "Version": "0.0.3",
      "Source": "CRAN",
      "Hash": "6e3d492f96fc477234bdbc5e1338b3c4"
    },
    "BH": {
      "Package": "BH",
      "Version": "1.69.0-1",
      "Source": "CRAN",
      "Hash": "0fde015f5153e51df44981da0767f522"
    },
    "DAAG": {
      "Package": "DAAG",
      "Version": "1.22.1",
      "Source": "CRAN",
      "Hash": "e31a083e6141b3011b10a1a00d073a4d"
    },
    "DBI": {
      "Package": "DBI",
      "Version": "1.0.0",
      "Source": "CRAN",
      "Hash": "2b2b6ea2111e1e57e192765d5013a3c5"
    },
    "DT": {
      "Package": "DT",
      "Version": "0.7",
      "Source": "CRAN",
      "Hash": "981ae58e8b540dd02bb331dbef40d130"
    },
    "DiagrammeR": {
      "Package": "DiagrammeR",
      "Version": "1.0.1",
      "Source": "CRAN",
      "Hash": "8c29390852f0d92317538fe3fc6b965f"
    },
    "Formula": {
      "Package": "Formula",
      "Version": "1.2-3",
      "Source": "CRAN",
      "Hash": "f9553de47f7d1a96f855f8bc6dff1dfe"
    },
    "HistData": {
      "Package": "HistData",
      "Version": "0.8-4",
      "Source": "CRAN",
      "Hash": "aa93e6b6410ee3183317581cf1b32d45"
    },
    "Hmisc": {
      "Package": "Hmisc",
      "Version": "4.2-0",
      "Source": "CRAN",
      "Hash": "b77dc16cbac363773edd581bcac3fe28"
    },
    "KernSmooth": {
      "Package": "KernSmooth",
      "Version": "2.23-15",
      "Source": "CRAN",
      "Hash": "1abaf80e4ce51c982446637b6cf236bb"
    },
    "LowRankQP": {
      "Package": "LowRankQP",
      "Version": "1.0.3",
      "Source": "CRAN",
      "Hash": "3405fbb200effd8dca5bb898a00689c3"
    },
    "MASS": {
      "Package": "MASS",
      "Version": "7.3-51.4",
      "Source": "CRAN",
      "Hash": "a489ad42493fa9bfac8f3e3a3bc7d4ca"
    },
    "Matrix": {
      "Package": "Matrix",
      "Version": "1.2-17",
      "Source": "CRAN",
      "Hash": "a60009c832f495604f54399f21d89cc8"
    },
    "R6": {
      "Package": "R6",
      "Version": "2.4.0",
      "Source": "CRAN",
      "Hash": "92b50d943a7c76c67918c1e1beb68627"
    },
    "RColorBrewer": {
      "Package": "RColorBrewer",
      "Version": "1.1-2",
      "Source": "CRAN",
      "Hash": "f8a3bcc800d613797f1dfdf8ef4f0bfc"
    },
    "Rcpp": {
      "Package": "Rcpp",
      "Version": "1.0.2",
      "Source": "CRAN",
      "Hash": "c25fa7d5684fa7001ddfea3755243975"
    },
    "RcppEigen": {
      "Package": "RcppEigen",
      "Version": "0.3.3.5.0",
      "Source": "CRAN",
      "Hash": "b86bf100354fb8fe4a20b5689e40c7b3"
    },
    "Rook": {
      "Package": "Rook",
      "Version": "1.1-1",
      "Source": "CRAN",
      "Hash": "038f382cfe4974cd8e01e974a25d2ba3"
    },
    "SQUAREM": {
      "Package": "SQUAREM",
      "Version": "2017.10-1",
      "Source": "CRAN",
      "Hash": "1cba0608850e00c650653d156bb497fe"
    },
    "StanHeaders": {
      "Package": "StanHeaders",
      "Version": "2.18.1-10",
      "Source": "CRAN",
      "Hash": "7fe76e0dbab36f4daa9e7490cfbf441d"
    },
    "UsingR": {
      "Package": "UsingR",
      "Version": "2.0-6",
      "Source": "CRAN",
      "Hash": "36e63a0457b0d027325440eeb17d8499"
    },
    "XML": {
      "Package": "XML",
      "Version": "3.98-1.20",
      "Source": "CRAN",
      "Hash": "870a12f824e6d7729de5cf55927ae1d0"
    },
    "acepack": {
      "Package": "acepack",
      "Version": "1.4.1",
      "Source": "CRAN",
      "Hash": "3794f982df501c9d1503ea0d32648042"
    },
    "askpass": {
      "Package": "askpass",
      "Version": "1.1",
      "Source": "CRAN",
      "Hash": "46678e19f261db289be40292d8e5d5bf"
    },
    "assertthat": {
      "Package": "assertthat",
      "Version": "0.2.1",
      "Source": "CRAN",
      "Hash": "19fb3d0ad048b4eb1a05cacffbae1f66"
    },
    "backports": {
      "Package": "backports",
      "Version": "1.1.4",
      "Source": "CRAN",
      "Hash": "2a78bf0825e0088e117520553ceb7fa5"
    },
    "base64enc": {
      "Package": "base64enc",
      "Version": "0.1-3",
      "Source": "CRAN",
      "Hash": "d355963b4b1c3039bfe8d65611a11cca"
    },
    "bayesplot": {
      "Package": "bayesplot",
      "Version": "1.7.0",
      "Source": "CRAN",
      "Hash": "992226c0d8218256b6a4c7feeb27d445"
    },
    "bindr": {
      "Package": "bindr",
      "Version": "0.1.1",
      "Source": "CRAN",
      "Hash": "955970d2b0a64d115306b01938bc097a"
    },
    "bindrcpp": {
      "Package": "bindrcpp",
      "Version": "0.2.2",
      "Source": "CRAN",
      "Hash": "b894708bedd7f0a33a39853b155a952e"
    },
    "blogdown": {
      "Package": "blogdown",
      "Version": "0.15",
      "Source": "CRAN",
      "Hash": "d9b54f0106c1c661f716c01b4a8e9355"
    },
    "bookdown": {
      "Package": "bookdown",
      "Version": "0.13",
      "Source": "CRAN",
      "Hash": "2ac6b83fbe5c15bbdd3113bb9402c277"
    },
    "boot": {
      "Package": "boot",
      "Version": "1.3-22",
      "Source": "CRAN",
      "Hash": "d6793731045601ba6fbc24f5b9f537ae"
    },
    "brew": {
      "Package": "brew",
      "Version": "1.0-6",
      "Source": "CRAN",
      "Hash": "190fd31e9253446523a8ee4642229516"
    },
    "broom": {
      "Package": "broom",
      "Version": "0.5.2",
      "Source": "CRAN",
      "Hash": "a6cfb50e5172a20815db00739aab4e78"
    },
    "callr": {
      "Package": "callr",
      "Version": "3.3.0",
      "Source": "CRAN",
      "Hash": "931c2dbd269b24b7cd2a7fc4b4b628e9"
    },
    "cellranger": {
      "Package": "cellranger",
      "Version": "1.1.0",
      "Source": "CRAN",
      "Hash": "2cd2a065192f3ba08a919d8800dba7e0"
    },
    "checkmate": {
      "Package": "checkmate",
      "Version": "1.9.4",
      "Source": "CRAN",
      "Hash": "51788d50ba2a6ac3bf71efadaf1f76d9"
    },
    "class": {
      "Package": "class",
      "Version": "7.3-15",
      "Source": "CRAN",
      "Hash": "4878ea322bdd292b96affa71fd4332bd"
    },
    "classInt": {
      "Package": "classInt",
      "Version": "0.4-1",
      "Source": "CRAN",
      "Hash": "faaf466d75e952abc274d1c0b1d91228"
    },
    "cli": {
      "Package": "cli",
      "Version": "1.1.0",
      "Source": "CRAN",
      "Hash": "9b3dc7798f53ba3050b41ce4a3febdc5"
    },
    "clipr": {
      "Package": "clipr",
      "Version": "0.7.0",
      "Source": "CRAN",
      "Hash": "9a99b54d2baf9393d0a68b6ea9513ee6"
    },
    "clisymbols": {
      "Package": "clisymbols",
      "Version": "1.2.0",
      "Source": "CRAN",
      "Hash": "ce91c46caba29e30c44cfd87659bf8a4"
    },
    "cluster": {
      "Package": "cluster",
      "Version": "2.1.0",
      "Source": "CRAN",
      "Hash": "d683a0521c6448259522eb63627c3807"
    },
    "codetools": {
      "Package": "codetools",
      "Version": "0.2-16",
      "Source": "CRAN",
      "Hash": "3bf2a0853d7faf7f865d0b877946e452"
    },
    "coefplot": {
      "Package": "coefplot",
      "Version": "1.2.7",
      "Source": "CRAN",
      "Hash": "4282f15704622fe191072b9f5c1c9827"
    },
    "colorspace": {
      "Package": "colorspace",
      "Version": "1.4-1",
      "Source": "CRAN",
      "Hash": "c25d49739abb6ebf4b3d0c3565574226"
    },
    "colourpicker": {
      "Package": "colourpicker",
      "Version": "1.0",
      "Source": "CRAN",
      "Hash": "0adc41e3166c4b0474173fed460b5894"
    },
    "commonmark": {
      "Package": "commonmark",
      "Version": "1.7",
      "Source": "CRAN",
      "Hash": "af7f698e0328e0474f794452177deca6"
    },
    "config": {
      "Package": "config",
      "Version": "0.3",
      "Source": "CRAN",
      "Hash": "7a15075ad1798112b35de17b8de84dbc"
    },
    "countrycode": {
      "Package": "countrycode",
      "Version": "1.1.0",
      "Source": "CRAN",
      "Hash": "8f0efe360a2f1730195872d0e3b17a9f"
    },
    "covr": {
      "Package": "covr",
      "Version": "3.2.1",
      "Source": "CRAN",
      "Hash": "82c22e908d49b7bdc03016864ef0b9b8"
    },
    "crayon": {
      "Package": "crayon",
      "Version": "1.3.4",
      "Source": "CRAN",
      "Hash": "d308ead32010b8e4d76c4690427da50b"
    },
    "crosstalk": {
      "Package": "crosstalk",
      "Version": "1.0.0",
      "Source": "CRAN",
      "Hash": "2bc962d85f29df259cc1a6930727ce87"
    },
    "curl": {
      "Package": "curl",
      "Version": "4.0",
      "Source": "CRAN",
      "Hash": "7dc1d02a04a75510424d2c7404fadfa7"
    },
    "data.table": {
      "Package": "data.table",
      "Version": "1.12.2",
      "Source": "CRAN",
      "Hash": "f2f76b5c5394350c4d4ee77dab51d35c"
    },
    "dbplyr": {
      "Package": "dbplyr",
      "Version": "1.4.2",
      "Source": "CRAN",
      "Hash": "aa3740879c38e6c11a93bd981521035a"
    },
    "desc": {
      "Package": "desc",
      "Version": "1.2.0",
      "Source": "CRAN",
      "Hash": "0119aa659b9c1db195b4bd7c617d18c0"
    },
    "devtools": {
      "Package": "devtools",
      "Version": "2.1.0",
      "Source": "CRAN",
      "Hash": "30e711b77a5bfa480161015ead405a0d"
    },
    "digest": {
      "Package": "digest",
      "Version": "0.6.20",
      "Source": "CRAN",
      "Hash": "e90f6670040b5aec92425051fc13ac1c"
    },
    "distr": {
      "Package": "distr",
      "Version": "2.8.0",
      "Source": "CRAN",
      "Hash": "582350c9ef7a99e6f0a45b850fdbe60f"
    },
    "downloader": {
      "Package": "downloader",
      "Version": "0.4",
      "Source": "CRAN",
      "Hash": "49907781ae2617dd5481b7c21a426d08"
    },
    "dplyr": {
      "Package": "dplyr",
      "Version": "0.8.3",
      "Source": "CRAN",
      "Hash": "17783831e1e918ab250dcae5dd9c6e03"
    },
    "dygraphs": {
      "Package": "dygraphs",
      "Version": "1.1.1.6",
      "Source": "CRAN",
      "Hash": "aba5ded396338b13e4458d0cb0c2ec86"
    },
    "e1071": {
      "Package": "e1071",
      "Version": "1.7-2",
      "Source": "CRAN",
      "Hash": "d3ad43735411ce3b5e3778e791991beb"
    },
    "ellipsis": {
      "Package": "ellipsis",
      "Version": "0.2.0.1",
      "Source": "CRAN",
      "Hash": "a7a9b2ae023bf012744c480d3388c0c8"
    },
    "evaluate": {
      "Package": "evaluate",
      "Version": "0.14",
      "Source": "CRAN",
      "Hash": "5a6c1949963e0785dbcbb0556337d61e"
    },
    "fansi": {
      "Package": "fansi",
      "Version": "0.4.0",
      "Source": "CRAN",
      "Hash": "cd87b0162287f0da225edfaa2fd3a20c"
    },
    "flexdashboard": {
      "Package": "flexdashboard",
      "Version": "0.5.1.1",
      "Source": "CRAN",
      "Hash": "e0b4ef1ef5e14a7f71edf71c3017febf"
    },
    "forcats": {
      "Package": "forcats",
      "Version": "0.4.0",
      "Source": "CRAN",
      "Hash": "4d7e4a2ed5adadda6714eb7b9361213b"
    },
    "foreach": {
      "Package": "foreach",
      "Version": "1.4.4",
      "Source": "CRAN",
      "Hash": "184227ddd1a35522bf38653b07db22dd"
    },
    "foreign": {
      "Package": "foreign",
      "Version": "0.8-71",
      "Source": "CRAN",
      "Hash": "0a3e9cb4f946d20e3ce0eae1ae17c746"
    },
    "fs": {
      "Package": "fs",
      "Version": "1.3.1",
      "Source": "CRAN",
      "Hash": "dba7e43c4103d978cb7c95b97987cc68"
    },
    "furrr": {
      "Package": "furrr",
      "Version": "0.1.0",
      "Source": "CRAN",
      "Hash": "ba787bdceee408b8f399c653fcee1601"
    },
    "future": {
      "Package": "future",
      "Version": "1.14.0",
      "Source": "CRAN",
      "Hash": "2dd37a87b16d7ae973505d636d36d22c"
    },
    "gargle": {
      "Package": "gargle",
      "Version": "0.3.1",
      "Source": "CRAN",
      "Hash": "807701061d82db1187f4a858f548592b"
    },
    "generics": {
      "Package": "generics",
      "Version": "0.0.2",
      "Source": "CRAN",
      "Hash": "4e8e453aff36dd8ddac10ff157083e4f"
    },
    "ggplot2": {
      "Package": "ggplot2",
      "Version": "3.2.0",
      "Source": "CRAN",
      "Hash": "e3b95a7458944efa0ebbb903bcdbe168"
    },
    "ggridges": {
      "Package": "ggridges",
      "Version": "0.5.1",
      "Source": "CRAN",
      "Hash": "b464e7b51e82292003ad0691a79f1ef8"
    },
    "ggthemes": {
      "Package": "ggthemes",
      "Version": "4.2.0",
      "Source": "CRAN",
      "Hash": "bc3e11207ac8dc4df1532663c4cf6a7a"
    },
    "gh": {
      "Package": "gh",
      "Version": "1.0.1",
      "Source": "CRAN",
      "Hash": "3fc5d4d6893bd1598318a35def5e9d23"
    },
    "git2r": {
      "Package": "git2r",
      "Version": "0.26.1",
      "Source": "CRAN",
      "Hash": "22ea14e8f582d4a83a273f24ac43e27e"
    },
    "glmnet": {
      "Package": "glmnet",
      "Version": "2.0-18",
      "Source": "CRAN",
      "Hash": "bb34a3530101e64a6cdb0ec36a435f9c"
    },
    "globals": {
      "Package": "globals",
      "Version": "0.12.4",
      "Source": "CRAN",
      "Hash": "cf9ddd6b6fce90974d5bd9b5f80d08b0"
    },
    "glue": {
      "Package": "glue",
      "Version": "1.3.1",
      "Source": "CRAN",
      "Hash": "e8436e647719b7c9d01409767cd88cc8"
    },
    "googledrive": {
      "Package": "googledrive",
      "Version": "1.0.0",
      "Source": "CRAN",
      "Hash": "9b4e833de88c2307619db75add39f201"
    },
    "googlesheets": {
      "Package": "googlesheets",
      "Version": "0.3.0",
      "Source": "CRAN",
      "Hash": "b8cf2a0db7042d7e36a93a83a7b4a5a8"
    },
    "gower": {
      "Package": "gower",
      "Version": "0.2.1",
      "Source": "CRAN",
      "Hash": "1f63bd78e56884fb959fe36b7bdb8f74"
    },
    "gridExtra": {
      "Package": "gridExtra",
      "Version": "2.3",
      "Source": "CRAN",
      "Hash": "4626f6a59a3b1095e7bdc7bd02a3107f"
    },
    "gtable": {
      "Package": "gtable",
      "Version": "0.3.0",
      "Source": "CRAN",
      "Hash": "6a58b2980a57345822ec5f9c7d2d1751"
    },
    "gtools": {
      "Package": "gtools",
      "Version": "3.8.1",
      "Source": "CRAN",
      "Hash": "a1f1f79c481c077e9dba0fdaac442372"
    },
    "haven": {
      "Package": "haven",
      "Version": "2.1.1",
      "Source": "CRAN",
      "Hash": "d1f21b8ced82ba581c26edfcc69d0c41"
    },
    "here": {
      "Package": "here",
      "Version": "0.1",
      "Source": "CRAN",
      "Hash": "17102304d55b3242d6199cddc0fd79f7"
    },
    "highr": {
      "Package": "highr",
      "Version": "0.8",
      "Source": "CRAN",
      "Hash": "43e36bc8bca1d8256f86933659c46349"
    },
    "hms": {
      "Package": "hms",
      "Version": "0.5.0",
      "Source": "CRAN",
      "Hash": "092e5b11e8fb83b420b1a192ab095263"
    },
    "htmlTable": {
      "Package": "htmlTable",
      "Version": "1.13.1",
      "Source": "CRAN",
      "Hash": "493314faea7ca9d80c27a0af614763aa"
    },
    "htmltools": {
      "Package": "htmltools",
      "Version": "0.3.6",
      "Source": "CRAN",
      "Hash": "5132526e7fb28a2c20d1ef443d5c4644"
    },
    "htmlwidgets": {
      "Package": "htmlwidgets",
      "Version": "1.3",
      "Source": "CRAN",
      "Hash": "8aa0ed21f14fc9645367e8bc305415f5"
    },
    "httpuv": {
      "Package": "httpuv",
      "Version": "1.5.1",
      "Source": "CRAN",
      "Hash": "3e4206eb62d89401a2a990eba9b3ecac"
    },
    "httr": {
      "Package": "httr",
      "Version": "1.4.1",
      "Source": "CRAN",
      "Hash": "5dbd937df2ed15043fd4b49e1e217030"
    },
    "igraph": {
      "Package": "igraph",
      "Version": "1.2.4.1",
      "Source": "CRAN",
      "Hash": "6eb7a604bc33c66dac0611b7ce75ac69"
    },
    "influenceR": {
      "Package": "influenceR",
      "Version": "0.1.0",
      "Source": "CRAN",
      "Hash": "15b766dddeaa690bc690761c89acf059"
    },
    "ini": {
      "Package": "ini",
      "Version": "0.3.1",
      "Source": "CRAN",
      "Hash": "4a15d8cfc931554fb2e71d66c1313b45"
    },
    "inline": {
      "Package": "inline",
      "Version": "0.3.15",
      "Source": "CRAN",
      "Hash": "23b8ec1bdea91c914af35b2c21dff286"
    },
    "ipred": {
      "Package": "ipred",
      "Version": "0.9-9",
      "Source": "CRAN",
      "Hash": "aaa4f1418c71e1842f64ed7a3d8c8f6f"
    },
    "iterators": {
      "Package": "iterators",
      "Version": "1.0.10",
      "Source": "CRAN",
      "Hash": "9f02395f9b81756ad69b8ecf20e3d9dd"
    },
    "janitor": {
      "Package": "janitor",
      "Version": "1.2.0",
      "Source": "CRAN",
      "Hash": "e1310d9b920ef337ec2ecd8d73b21f0d"
    },
    "jsonlite": {
      "Package": "jsonlite",
      "Version": "1.6",
      "Source": "CRAN",
      "Hash": "b7e67b6a7bc2fdae729c0f3ff9026a8a"
    },
    "keras": {
      "Package": "keras",
      "Version": "2.2.4.1",
      "Source": "CRAN",
      "Hash": "9c716427d01784f19dd98b2a2dfe110b"
    },
    "knitr": {
      "Package": "knitr",
      "Version": "1.23",
      "Source": "CRAN",
      "Hash": "39893fe4cbbdca3fce7d9dbdef808cd1"
    },
    "labeling": {
      "Package": "labeling",
      "Version": "0.3",
      "Source": "CRAN",
      "Hash": "e1f613894f080d1eee41c34b281a2184"
    },
    "lars": {
      "Package": "lars",
      "Version": "1.2",
      "Source": "CRAN",
      "Hash": "06f538dfe9f5c8fd6adb6c77f2f40bbc"
    },
    "later": {
      "Package": "later",
      "Version": "0.8.0",
      "Source": "CRAN",
      "Hash": "4d5b806a328e0da75f0f0d4653676552"
    },
    "lattice": {
      "Package": "lattice",
      "Version": "0.20-38",
      "Source": "CRAN",
      "Hash": "6f7aa123115b33bc9ad1ca800874b1de"
    },
    "latticeExtra": {
      "Package": "latticeExtra",
      "Version": "0.6-28",
      "Source": "CRAN",
      "Hash": "693779e46ee894695df882436c360bbe"
    },
    "lava": {
      "Package": "lava",
      "Version": "1.6.5",
      "Source": "CRAN",
      "Hash": "806150f01de7274c6ce698538408139b"
    },
    "lazyeval": {
      "Package": "lazyeval",
      "Version": "0.2.2",
      "Source": "CRAN",
      "Hash": "d2f5e98b8b7ae633e252830c3243c2ab"
    },
    "leaflet": {
      "Package": "leaflet",
      "Version": "2.0.2",
      "Source": "CRAN",
      "Hash": "b28c8f59e316a0fce26b5ba63889b626"
    },
    "leaflet.extras": {
      "Package": "leaflet.extras",
      "Version": "1.0.0",
      "Source": "CRAN",
      "Hash": "5709b591460151245e0fc0a4b6cb5c8c"
    },
    "listenv": {
      "Package": "listenv",
      "Version": "0.7.0",
      "Source": "CRAN",
      "Hash": "7cdee13e292d057fce33553ea7eebbd7"
    },
    "lme4": {
      "Package": "lme4",
      "Version": "1.1-21",
      "Source": "CRAN",
      "Hash": "0a3458480f4caf92fc26f7afc54340a4"
    },
    "loo": {
      "Package": "loo",
      "Version": "2.1.0",
      "Source": "CRAN",
      "Hash": "74d62fb96be363e317bdc53a45fcd4e7"
    },
    "lubridate": {
      "Package": "lubridate",
      "Version": "1.7.4",
      "Source": "CRAN",
      "Hash": "d55fdb3732a8f047e49b86064dd78984"
    },
    "magrittr": {
      "Package": "magrittr",
      "Version": "1.5",
      "Source": "CRAN",
      "Hash": "dee1d97cffddfd3ed969e224bd0826d0"
    },
    "markdown": {
      "Package": "markdown",
      "Version": "1.0",
      "Source": "CRAN",
      "Hash": "4584a57f565dd7987d59dda3a02cfb41"
    },
    "matrixStats": {
      "Package": "matrixStats",
      "Version": "0.54.0",
      "Source": "CRAN",
      "Hash": "77ec3ece2b64d82fe2d7ef4c7f8db6db"
    },
    "maxLik": {
      "Package": "maxLik",
      "Version": "1.3-6",
      "Source": "CRAN",
      "Hash": "a3e538c854f6639a7cb91d9bc445a9fd"
    },
    "memoise": {
      "Package": "memoise",
      "Version": "1.1.0",
      "Source": "CRAN",
      "Hash": "22ca9b285c10f5dd8c4d1e90231ce558"
    },
    "mgcv": {
      "Package": "mgcv",
      "Version": "1.8-28",
      "Source": "CRAN",
      "Hash": "6ac256e4fdcf33c11f9ed987927cc614"
    },
    "mime": {
      "Package": "mime",
      "Version": "0.7",
      "Source": "CRAN",
      "Hash": "908d95ccbfd1dd274073ef07a7c93934"
    },
    "miniUI": {
      "Package": "miniUI",
      "Version": "0.1.1.1",
      "Source": "CRAN",
      "Hash": "53236ac4d8dcc50446bbb83c45e024cd"
    },
    "minqa": {
      "Package": "minqa",
      "Version": "1.2.4",
      "Source": "CRAN",
      "Hash": "280c889bf39c330ab77b0d92c1c38931"
    },
    "miscTools": {
      "Package": "miscTools",
      "Version": "0.6-22",
      "Source": "CRAN",
      "Hash": "109514c99b23675dec25fe9671915307"
    },
    "modelr": {
      "Package": "modelr",
      "Version": "0.1.5",
      "Source": "CRAN",
      "Hash": "c1f44481db2b8ac0d3625da400abdc1e"
    },
    "munsell": {
      "Package": "munsell",
      "Version": "0.5.0",
      "Source": "CRAN",
      "Hash": "9111af6c6dec65538ebd3de6c0bae864"
    },
    "nlme": {
      "Package": "nlme",
      "Version": "3.1-140",
      "Source": "CRAN",
      "Hash": "ad3b02c6f154deac3584133e6e015cd3"
    },
    "nloptr": {
      "Package": "nloptr",
      "Version": "1.2.1",
      "Source": "CRAN",
      "Hash": "f2696200757bbf2ed222a9d8e72f0a06"
    },
    "nnet": {
      "Package": "nnet",
      "Version": "7.3-12",
      "Source": "CRAN",
      "Hash": "2a92e339b2aeab90147147e2cf7c8310"
    },
    "numDeriv": {
      "Package": "numDeriv",
      "Version": "2016.8-1.1",
      "Source": "CRAN",
      "Hash": "10548c749c529a01a2c0e5cbc9d93aa2"
    },
    "openssl": {
      "Package": "openssl",
      "Version": "1.4.1",
      "Source": "CRAN",
      "Hash": "6c438de366d5693238d1c400deb66cb6"
    },
    "pROC": {
      "Package": "pROC",
      "Version": "1.15.3",
      "Source": "CRAN",
      "Hash": "239a69d819e80ef8d7fc40c646a0153c"
    },
    "packrat": {
      "Package": "packrat",
      "Version": "0.5.0",
      "Source": "CRAN",
      "Hash": "aa1fbebb6ca276f933b9f77da6d02ef3"
    },
    "parsnip": {
      "Package": "parsnip",
      "Version": "0.0.2",
      "Source": "CRAN",
      "Hash": "0bf88779d7b89747a528f8333c2255d8"
    },
    "piggyback": {
      "Package": "piggyback",
      "Version": "0.0.10.99",
      "Source": "GitHub",
      "RemoteType": "github",
      "RemoteHost": "api.github.com",
      "RemoteRepo": "piggyback",
      "RemoteUsername": "ropensci",
      "RemoteRef": "master",
      "RemoteSha": "c4ca808b661ad44f4e8424b908c37cc686f9480c",
      "Hash": "00a74db6041a5c60d1debe4d9f79ad4e"
    },
    "pillar": {
      "Package": "pillar",
      "Version": "1.4.2",
      "Source": "CRAN",
      "Hash": "57645ff795277554eee14df5bcee8025"
    },
    "pkgbuild": {
      "Package": "pkgbuild",
      "Version": "1.0.3",
      "Source": "CRAN",
      "Hash": "1e8100d85ef7b9cddded115d62d7365a"
    },
    "pkgconfig": {
      "Package": "pkgconfig",
      "Version": "2.0.2",
      "Source": "CRAN",
      "Hash": "2dd2d8867e4f0173ea2ce029d630a086"
    },
    "pkgload": {
      "Package": "pkgload",
      "Version": "1.0.2",
      "Source": "CRAN",
      "Hash": "f214a72af3442fdd3396ceccbb7d7f44"
    },
    "plogr": {
      "Package": "plogr",
      "Version": "0.2.0",
      "Source": "CRAN",
      "Hash": "1a8304cc1382ef64e3b710ba589d7bc0"
    },
    "plyr": {
      "Package": "plyr",
      "Version": "1.8.4",
      "Source": "CRAN",
      "Hash": "37dd0f3aadee2ac99e47168f4bffddb7"
    },
    "png": {
      "Package": "png",
      "Version": "0.1-7",
      "Source": "CRAN",
      "Hash": "2facb7d8929420c91d1ddc8d4636f787"
    },
    "praise": {
      "Package": "praise",
      "Version": "1.0.0",
      "Source": "CRAN",
      "Hash": "3940f2f321d5fa9fb72b8887b0454660"
    },
    "prettyunits": {
      "Package": "prettyunits",
      "Version": "1.0.2",
      "Source": "CRAN",
      "Hash": "33ce93b23647e85c127f8e1bb08604fc"
    },
    "processx": {
      "Package": "processx",
      "Version": "3.4.0",
      "Source": "CRAN",
      "Hash": "b0caa9b63471869ca1595599493c9405"
    },
    "prodlim": {
      "Package": "prodlim",
      "Version": "2018.04.18",
      "Source": "CRAN",
      "Hash": "99d22953eebaae95af8de37f5594b862"
    },
    "progress": {
      "Package": "progress",
      "Version": "1.2.2",
      "Source": "CRAN",
      "Hash": "e8c47e04650b07d40c3c50a878a4dffa"
    },
    "promises": {
      "Package": "promises",
      "Version": "1.0.1",
      "Source": "CRAN",
      "Hash": "f80d162b7cef7e36a0134d1f1084e36d"
    },
    "ps": {
      "Package": "ps",
      "Version": "1.3.0",
      "Source": "CRAN",
      "Hash": "a38f3fd447d1595a3da538910054b911"
    },
    "purrr": {
      "Package": "purrr",
      "Version": "0.3.2",
      "Source": "CRAN",
      "Hash": "c360ab7eabd6e38a83f2475eb97c6344"
    },
    "raster": {
      "Package": "raster",
      "Version": "2.9-23",
      "Source": "CRAN",
      "Hash": "92d43bbd34c643966901318d348cd133"
    },
    "rcmdcheck": {
      "Package": "rcmdcheck",
      "Version": "1.3.3",
      "Source": "CRAN",
      "Hash": "577b91be8aea851ea27aad3585adef05"
    },
    "readr": {
      "Package": "readr",
      "Version": "1.3.1",
      "Source": "CRAN",
      "Hash": "60167b7ec3de99e76ff406aaf0f83bb4"
    },
    "readxl": {
      "Package": "readxl",
      "Version": "1.3.1",
      "Source": "CRAN",
      "Hash": "8a8b4695e87c90cc9423eb8994e76819"
    },
    "recipes": {
      "Package": "recipes",
      "Version": "0.1.6",
      "Source": "CRAN",
      "Hash": "a41cf8f8490a18f93c1b797b3f0610ea"
    },
    "rematch": {
      "Package": "rematch",
      "Version": "1.0.1",
      "Source": "CRAN",
      "Hash": "d3d55a556f7f2e74f449d6a53b8abf8e"
    },
    "remotes": {
      "Package": "remotes",
      "Version": "2.1.0",
      "Source": "CRAN",
      "Hash": "830aa73278dce9beba583bfe57a5c015"
    },
    "renv": {
      "Package": "renv",
      "Version": "0.7.0-21",
      "Source": "GitHub",
      "RemoteType": "github",
      "RemoteHost": "api.github.com",
      "RemoteRepo": "renv",
      "RemoteUsername": "rstudio",
      "RemoteRef": "master",
      "RemoteSha": "e0a0c1399e5515e26284ce1a10df903491b57ff1",
      "Hash": "732cbe6a877bc10ac5509c38f670c58b"
    },
    "reprex": {
      "Package": "reprex",
      "Version": "0.3.0",
      "Source": "CRAN",
      "Hash": "e5c16307a512cdaea9adddacde0671af"
    },
    "reshape2": {
      "Package": "reshape2",
      "Version": "1.4.3",
      "Source": "CRAN",
      "Hash": "ac685130d1a25e3f6470960fd29c5693"
    },
    "reticulate": {
      "Package": "reticulate",
      "Version": "1.12",
      "Source": "CRAN",
      "Hash": "55bd95ffc63a575942ba5678a82a585f"
    },
    "rex": {
      "Package": "rex",
      "Version": "1.1.2",
      "Source": "CRAN",
      "Hash": "6a374bfb33486a98af825be15b6b87bb"
    },
    "rgexf": {
      "Package": "rgexf",
      "Version": "0.15.3",
      "Source": "CRAN",
      "Hash": "e1f0dcc06656e78a0f21f4f2c6e7298c"
    },
    "rlang": {
      "Package": "rlang",
      "Version": "0.4.0",
      "Source": "CRAN",
      "Hash": "8f1bf3a54c8844dc254baabba61cb6a9"
    },
    "rmarkdown": {
      "Package": "rmarkdown",
      "Version": "1.14",
      "Source": "CRAN",
      "Hash": "b712ba012c5d17214b872a47f40a611e"
    },
    "roxygen2": {
      "Package": "roxygen2",
      "Version": "6.1.1",
      "Source": "CRAN",
      "Hash": "5c44ac973ec9b56efd7990e4b4464699"
    },
    "rpart": {
      "Package": "rpart",
      "Version": "4.1-15",
      "Source": "CRAN",
      "Hash": "0d0e7f0e3c22944bb9bf67d0d5636e50"
    },
    "rpart.plot": {
      "Package": "rpart.plot",
      "Version": "3.0.7",
      "Source": "CRAN",
      "Hash": "33f3b439ca85489dbbc41203f6a46c27"
    },
    "rprojroot": {
      "Package": "rprojroot",
      "Version": "1.3-2",
      "Source": "CRAN",
      "Hash": "5382761b8b318da6dd3fb0f6dae3c43a"
    },
    "rsample": {
      "Package": "rsample",
      "Version": "0.0.5",
      "Source": "CRAN",
      "Hash": "b81a5a4c987ce5d30644fa276ff0c792"
    },
    "rsconnect": {
      "Package": "rsconnect",
      "Version": "0.8.15",
      "Source": "CRAN",
      "Hash": "649b33e97eb02dc7f8533a50d888ae29"
    },
    "rstan": {
      "Package": "rstan",
      "Version": "2.19.2",
      "Source": "CRAN",
      "Hash": "6529a2e9f3c41619877c62ba930cd23b"
    },
    "rstanarm": {
      "Package": "rstanarm",
      "Version": "2.18.2",
      "Source": "CRAN",
      "Hash": "9d7bcfe168f625afea0d547d5f7be28c"
    },
    "rstantools": {
      "Package": "rstantools",
      "Version": "1.5.1",
      "Source": "CRAN",
      "Hash": "26fbe7da02fa0e78e4a3aeac4fe26131"
    },
    "rstudioapi": {
      "Package": "rstudioapi",
      "Version": "0.10",
      "Source": "CRAN",
      "Hash": "04552808fd065fdf0fec7bad340eb83c"
    },
    "rvest": {
      "Package": "rvest",
      "Version": "0.3.4",
      "Source": "CRAN",
      "Hash": "76bb112bc3833454dc701230aa9cb3ed"
    },
    "sandwich": {
      "Package": "sandwich",
      "Version": "2.5-1",
      "Source": "CRAN",
      "Hash": "79e2ac9c226234d19dad0834484400f1"
    },
    "scales": {
      "Package": "scales",
      "Version": "1.0.0",
      "Source": "CRAN",
      "Hash": "a96e9571cd875b7b934990d85b7a3c18"
    },
    "selectr": {
      "Package": "selectr",
      "Version": "0.4-1",
      "Source": "CRAN",
      "Hash": "40ccee5dc2b97e197648525aefcfd0ba"
    },
    "servr": {
      "Package": "servr",
      "Version": "0.15",
      "Source": "CRAN",
      "Hash": "adcd3bbb5259abaf5d4dd667b5dbd62b"
    },
    "sessioninfo": {
      "Package": "sessioninfo",
      "Version": "1.1.1",
      "Source": "CRAN",
      "Hash": "017efbc7877606b886a2fb3d01c0bbda"
    },
    "sf": {
      "Package": "sf",
      "Version": "0.7-7",
      "Source": "CRAN",
      "Hash": "8544364b75661f709f5a31cbd0716ea2"
    },
    "sfsmisc": {
      "Package": "sfsmisc",
      "Version": "1.1-4",
      "Source": "CRAN",
      "Hash": "6162dccd578f1946aefefa478592e5e7"
    },
    "shiny": {
      "Package": "shiny",
      "Version": "1.3.2",
      "Source": "CRAN",
      "Hash": "3f96ad878877e005bcf6093c5c7efd9e"
    },
    "shinyjs": {
      "Package": "shinyjs",
      "Version": "1.0",
      "Source": "CRAN",
      "Hash": "f80ba8b88aa5cd27157e8cd3bbd7cc35"
    },
    "shinystan": {
      "Package": "shinystan",
      "Version": "2.5.0",
      "Source": "CRAN",
      "Hash": "f870c76d3542b496b7f72f005416def7"
    },
    "shinythemes": {
      "Package": "shinythemes",
      "Version": "1.1.2",
      "Source": "CRAN",
      "Hash": "fd438135f3656d7bf5e854060c13ff56"
    },
    "snakecase": {
      "Package": "snakecase",
      "Version": "0.11.0",
      "Source": "CRAN",
      "Hash": "5c861a2766fb272f515b7704dcbe08d6"
    },
    "sourcetools": {
      "Package": "sourcetools",
      "Version": "0.1.7",
      "Source": "CRAN",
      "Hash": "fc68fa34b8576eaa5a845a46ad75e214"
    },
    "sp": {
      "Package": "sp",
      "Version": "1.3-1",
      "Source": "CRAN",
      "Hash": "a8e1d618f252db052d85391d528c256f"
    },
    "spatial": {
      "Package": "spatial",
      "Version": "7.3-11",
      "Source": "CRAN",
      "Hash": "0037d3d19ad8a2bf80abb4d7507b746d"
    },
    "startupmsg": {
      "Package": "startupmsg",
      "Version": "0.9.6",
      "Source": "CRAN",
      "Hash": "26fa0ef6edd68cb886f2c1c765fbbf1b"
    },
    "stringi": {
      "Package": "stringi",
      "Version": "1.4.3",
      "Source": "CRAN",
      "Hash": "113506f116db9dd5bd1caf46884e0647"
    },
    "stringr": {
      "Package": "stringr",
      "Version": "1.4.0",
      "Source": "CRAN",
      "Hash": "41d6310ad18bd019a203d7adc496a28b"
    },
    "survival": {
      "Package": "survival",
      "Version": "2.44-1.1",
      "Source": "CRAN",
      "Hash": "20bdedb74dc2c866f51e4ec9133480b1"
    },
    "sys": {
      "Package": "sys",
      "Version": "3.3",
      "Source": "CRAN",
      "Hash": "9ecf6bee5958b8977bd1db3131978a71"
    },
    "tensorflow": {
      "Package": "tensorflow",
      "Version": "1.13.1",
      "Source": "CRAN",
      "Hash": "0df26b0791022612f5167e50d136b9e1"
    },
    "testthat": {
      "Package": "testthat",
      "Version": "2.1.1",
      "Source": "CRAN",
      "Hash": "6cdac1c005c81c36a89ba90835726f3f"
    },
    "tfruns": {
      "Package": "tfruns",
      "Version": "1.4",
      "Source": "CRAN",
      "Hash": "c463852eed93554c386f97b4329abb91"
    },
    "threejs": {
      "Package": "threejs",
      "Version": "0.3.1",
      "Source": "CRAN",
      "Hash": "e3fb8cb6c350baeed838fcf63be7a6db"
    },
    "tibble": {
      "Package": "tibble",
      "Version": "2.1.3",
      "Source": "CRAN",
      "Hash": "a8d41bd284e21ab7e776d228dc5bac91"
    },
    "tidyr": {
      "Package": "tidyr",
      "Version": "0.8.3",
      "Source": "CRAN",
      "Hash": "51442fddca0f783dce03baffbe5b790b"
    },
    "tidyselect": {
      "Package": "tidyselect",
      "Version": "0.2.5",
      "Source": "CRAN",
      "Hash": "dc3fcbc21f04b293e0794e24982cf357"
    },
    "tidyverse": {
      "Package": "tidyverse",
      "Version": "1.2.1",
      "Source": "CRAN",
      "Hash": "ec414bb606232eb2f242f4e49706a0da"
    },
    "timeDate": {
      "Package": "timeDate",
      "Version": "3043.102",
      "Source": "CRAN",
      "Hash": "93f260c47c35e25620bb2af4ed8ed17e"
    },
    "tinytex": {
      "Package": "tinytex",
      "Version": "0.14",
      "Source": "CRAN",
      "Hash": "8b44776bb72008230fc51a956870741e"
    },
    "units": {
      "Package": "units",
      "Version": "0.6-4",
      "Source": "CRAN",
      "Hash": "00332e4ec4ed784de32dfc35f3125c16"
    },
    "useful": {
      "Package": "useful",
      "Version": "1.2.6",
      "Source": "CRAN",
      "Hash": "9a5284db086e628782b145d7a8907add"
    },
    "usethis": {
      "Package": "usethis",
      "Version": "1.5.1",
      "Source": "CRAN",
      "Hash": "d9554c06c56d30d6361b5b24b8c5b083"
    },
    "utf8": {
      "Package": "utf8",
      "Version": "1.1.4",
      "Source": "CRAN",
      "Hash": "3f1a5a5b184f63379f8e6c08d5036c53"
    },
    "uuid": {
      "Package": "uuid",
      "Version": "0.1-2",
      "Source": "CRAN",
      "Hash": "4a468848f7fb748b54a63a8d2f2da17e"
    },
    "vctrs": {
      "Package": "vctrs",
      "Version": "0.2.0",
      "Source": "CRAN",
      "Hash": "4bdc6a6c4c5a434d880b73817d4ea641"
    },
    "viridis": {
      "Package": "viridis",
      "Version": "0.5.1",
      "Source": "CRAN",
      "Hash": "36f082a7e4f833bd4dc4839c5a8d2a84"
    },
    "viridisLite": {
      "Package": "viridisLite",
      "Version": "0.3.0",
      "Source": "CRAN",
      "Hash": "1f264fa42320c4f44b1689d89101e823"
    },
    "visNetwork": {
      "Package": "visNetwork",
      "Version": "2.0.7",
      "Source": "CRAN",
      "Hash": "72bfc95f92a126211b42d99581747db1"
    },
    "vroom": {
      "Package": "vroom",
      "Version": "1.0.2",
      "Source": "CRAN",
      "Hash": "90fc30867fc430bb03c23c127dafa398"
    },
    "whisker": {
      "Package": "whisker",
      "Version": "0.4",
      "Source": "CRAN",
      "Hash": "99cb522b4fa9e2cf1592ac5163fd917f"
    },
    "withr": {
      "Package": "withr",
      "Version": "2.1.2",
      "Source": "CRAN",
      "Hash": "7c9aef08038f47e6c1532ed574a0e087"
    },
    "xfun": {
      "Package": "xfun",
      "Version": "0.8",
      "Source": "CRAN",
      "Hash": "56f4a24b253e08ec48a45ec0eb60653d"
    },
    "xgboost": {
      "Package": "xgboost",
      "Version": "0.82.1",
      "Source": "CRAN",
      "Hash": "6823a40e19536763d111f581216091bb"
    },
    "xml2": {
      "Package": "xml2",
      "Version": "1.2.0",
      "Source": "CRAN",
      "Hash": "8a9818f279792f697dab45e8c7cdb3a8"
    },
    "xopen": {
      "Package": "xopen",
      "Version": "1.0.0",
      "Source": "CRAN",
      "Hash": "ec32d86b4bcfa2cfa648dc0e1e46e24d"
    },
    "xtable": {
      "Package": "xtable",
      "Version": "1.8-4",
      "Source": "CRAN",
      "Hash": "48f60fcc0974ce72870076d48038df2d"
    },
    "xts": {
      "Package": "xts",
      "Version": "0.11-2",
      "Source": "CRAN",
      "Hash": "f0e867bb5363b60e4c2e594653973af3"
    },
    "yaml": {
      "Package": "yaml",
      "Version": "2.2.0",
      "Source": "CRAN",
      "Hash": "3a313c96061c4ac790de611dc57ebd1f"
    },
    "yardstick": {
      "Package": "yardstick",
      "Version": "0.0.3",
      "Source": "CRAN",
      "Hash": "e0fad2934144b4a87b22edd86ece2682"
    },
    "zeallot": {
      "Package": "zeallot",
      "Version": "0.1.0",
      "Source": "CRAN",
      "Hash": "45d65588b02d47970fc84adecb2ee664"
    },
    "zoo": {
      "Package": "zoo",
      "Version": "1.8-6",
      "Source": "CRAN",
      "Hash": "6a408ac88994695f76d7b4f7f19c4006"
    }
  }
}
